PODS:
  - MagicalRecord (2.3.2):
    - MagicalRecord/Core (= 2.3.2)
  - MagicalRecord/Core (2.3.2)
  - MTDates (1.0.0)
  - RSDayFlow (0.8.0)

DEPENDENCIES:
  - MagicalRecord
  - MTDates
  - RSDayFlow (from `https://github.com/suer/RSDayFlow.git`, commit `efb97f8`)

SPEC REPOS:
  https://github.com/CocoaPods/Specs.git:
    - MagicalRecord
    - MTDates

EXTERNAL SOURCES:
  RSDayFlow:
    :commit: efb97f8
    :git: https://github.com/suer/RSDayFlow.git

CHECKOUT OPTIONS:
  RSDayFlow:
    :commit: efb97f8
    :git: https://github.com/suer/RSDayFlow.git

SPEC CHECKSUMS:
  MagicalRecord: 53bed74b4323b930992a725be713e53b37d19755
  MTDates: 1dbf92ecda49c0fc42bfd692bda3c471069b57ba
  RSDayFlow: fb48480094f00d28fc90947051190f55478263c4

PODFILE CHECKSUM: 7f9a48321328bc32fb74503be782a93768d8fa2c

COCOAPODS: 1.12.1
