<?xml version="1.0" encoding="UTF-8"?>
<Scheme
   LastUpgradeVersion = "0700"
   version = "2.0">
   <BuildAction
      parallelizeBuildables = "YES"
      buildImplicitDependencies = "YES">
      <BuildActionEntries>
         <BuildActionEntry
            buildForTesting = "YES"
            buildForRunning = "YES"
            buildForProfiling = "YES"
            buildForArchiving = "YES"
            buildForAnalyzing = "YES">
            <BuildableReference
               BuildableIdentifier = "primary"
               BlueprintIdentifier = "80A574B219EFDF4100C06CBB"
               BuildableName = "SpoolDays.app"
               BlueprintName = "SpoolDays"
               ReferencedContainer = "container:SpoolDays.xcodeproj">
            </BuildableReference>
         </BuildActionEntry>
         <BuildActionEntry
            buildForTesting = "YES"
            buildForRunning = "YES"
            buildForProfiling = "NO"
            buildForArchiving = "NO"
            buildForAnalyzing = "YES">
            <BuildableReference
               BuildableIdentifier = "primary"
               BlueprintIdentifier = "80A574C719EFDF4100C06CBB"
               BuildableName = "SpoolDaysTests.xctest"
               BlueprintName = "SpoolDaysTests"
               ReferencedContainer = "container:SpoolDays.xcodeproj">
            </BuildableReference>
         </BuildActionEntry>
      </BuildActionEntries>
   </BuildAction>
   <TestAction
      buildConfiguration = "Debug"
      selectedDebuggerIdentifier = "Xcode.DebuggerFoundation.Debugger.LLDB"
      selectedLauncherIdentifier = "Xcode.DebuggerFoundation.Launcher.LLDB"
      shouldUseLaunchSchemeArgsEnv = "YES">
      <Testables>
         <TestableReference
            skipped = "NO">
            <BuildableReference
               BuildableIdentifier = "primary"
               BlueprintIdentifier = "80A574C719EFDF4100C06CBB"
               BuildableName = "SpoolDaysTests.xctest"
               BlueprintName = "SpoolDaysTests"
               ReferencedContainer = "container:SpoolDays.xcodeproj">
            </BuildableReference>
            <LocationScenarioReference
               identifier = "com.apple.dt.IDEFoundation.CurrentLocationScenarioIdentifier"
               referenceType = "1">
            </LocationScenarioReference>
         </TestableReference>
      </Testables>
      <MacroExpansion>
         <BuildableReference
            BuildableIdentifier = "primary"
            BlueprintIdentifier = "80A574B219EFDF4100C06CBB"
            BuildableName = "SpoolDays.app"
            BlueprintName = "SpoolDays"
            ReferencedContainer = "container:SpoolDays.xcodeproj">
         </BuildableReference>
      </MacroExpansion>
      <AdditionalOptions>
      </AdditionalOptions>
   </TestAction>
   <LaunchAction
      buildConfiguration = "Debug"
      selectedDebuggerIdentifier = "Xcode.DebuggerFoundation.Debugger.LLDB"
      selectedLauncherIdentifier = "Xcode.DebuggerFoundation.Launcher.LLDB"
      launchStyle = "0"
      useCustomWorkingDirectory = "NO"
      ignoresPersistentStateOnLaunch = "NO"
      debugDocumentVersioning = "YES"
      debugServiceExtension = "internal"
      allowLocationSimulation = "YES"
      launchAutomaticallySubstyle = "1">
      <BuildableProductRunnable
         runnableDebuggingMode = "0">
         <BuildableReference
            BuildableIdentifier = "primary"
            BlueprintIdentifier = "80A574B219EFDF4100C06CBB"
            BuildableName = "SpoolDays.app"
            BlueprintName = "SpoolDays"
            ReferencedContainer = "container:SpoolDays.xcodeproj">
         </BuildableReference>
      </BuildableProductRunnable>
      <AdditionalOptions>
      </AdditionalOptions>
   </LaunchAction>
   <ProfileAction
      buildConfiguration = "Release"
      shouldUseLaunchSchemeArgsEnv = "YES"
      savedToolIdentifier = ""
      useCustomWorkingDirectory = "NO"
      debugDocumentVersioning = "YES">
      <BuildableProductRunnable
         runnableDebuggingMode = "0">
         <BuildableReference
            BuildableIdentifier = "primary"
            BlueprintIdentifier = "80A574B219EFDF4100C06CBB"
            BuildableName = "SpoolDays.app"
            BlueprintName = "SpoolDays"
            ReferencedContainer = "container:SpoolDays.xcodeproj">
         </BuildableReference>
      </BuildableProductRunnable>
   </ProfileAction>
   <AnalyzeAction
      buildConfiguration = "Debug">
   </AnalyzeAction>
   <ArchiveAction
      buildConfiguration = "Release"
      revealArchiveInOrganizer = "YES">
      <PostActions>
         <ExecutionAction
            ActionType = "Xcode.IDEStandardExecutionActionsCore.ExecutionActionType.ShellScriptAction">
            <ActionContent
               title = "Run Script"
               scriptText = "&#10;API_KEY=$(/usr/libexec/PlistBuddy -c &quot;Print API_KEY&quot; $(dirname ${WORKSPACE_PATH})/mint.plist)&#10;API_TOKEN=$(/usr/libexec/PlistBuddy -c &quot;Print API_TOKEN&quot; $(dirname ${WORKSPACE_PATH})/mint.plist)&#10;rm -f SpoolDays.app.dSYM.zip&#10;zip -r SpoolDays.app.dSYM.zip &quot;${ARCHIVE_DSYMS_PATH}/SpoolDays.app.dSYM&quot;&#10;rm -f SpoolDaysTodayExtension.appex.dSYM.zip&#10;zip -r SpoolDaysTodayExtension.appex.dSYM.zip &quot;${ARCHIVE_DSYMS_PATH}/SpoolDaysTodayExtension.appex.dSYM&quot;&#10;curl -F file=@&quot;SpoolDays.app.dSYM.zip&quot; --header &quot;X-Splunk-Mint-apikey: ${API_KEY}&quot;  --header &quot;X-Splunk-Mint-Auth-Token: ${API_TOKEN}&quot; &quot;https://symbolicator.splkmobile.com/upload/dsym&quot; -i&#10;curl -F file=@&quot;SpoolDaysTodayExtension.appex.dSYM.zip&quot; --header &quot;X-Splunk-Mint-apikey: ${API_KEY}&quot;  --header &quot;X-Splunk-Mint-Auth-Token: ${API_TOKEN}&quot; &quot;https://symbolicator.splkmobile.com/upload/dsym&quot; -i&#10;"
               shellToInvoke = "/bin/sh">
            </ActionContent>
         </ExecutionAction>
      </PostActions>
   </ArchiveAction>
</Scheme>
