// !$*UTF8*$!
{
	archiveVersion = 1;
	classes = {
	};
	objectVersion = 54;
	objects = {

/* Begin PBXBuildFile section */
		629B8CF7A27F4591BA212F91AC74C5FC /* CoreDataManager.swift in Sources */ = {isa = PBXBuildFile; fileRef = F59084B2672E46108E9BABF2 /* CoreDataManager.swift */; };
		8002868419EFE1EE00089835 /* MainViewController.swift in Sources */ = {isa = PBXBuildFile; fileRef = 8002868319EFE1EE00089835 /* MainViewController.swift */; };
		8009360A1AA74ACB00F87B83 /* BaseDate.swift in Sources */ = {isa = PBXBuildFile; fileRef = 800936091AA74ACB00F87B83 /* BaseDate.swift */; };
		8009360C1AA74ACC00F87B83 /* Log.swift in Sources */ = {isa = PBXBuildFile; fileRef = 8009360B1AA74ACC00F87B83 /* Log.swift */; };
		8009360F1AA74D8200F87B83 /* Log.swift in Sources */ = {isa = PBXBuildFile; fileRef = 8009360B1AA74ACC00F87B83 /* Log.swift */; };
		800936121AA74DBD00F87B83 /* BaseDate.swift in Sources */ = {isa = PBXBuildFile; fileRef = 800936091AA74ACB00F87B83 /* BaseDate.swift */; };
		800D5FF61A455F9800F86EC5 /* Settings.bundle in Resources */ = {isa = PBXBuildFile; fileRef = 800D5FF51A455F9800F86EC5 /* Settings.bundle */; };
		800E8B841A731FE100CB1D6D /* I18n.swift in Sources */ = {isa = PBXBuildFile; fileRef = 800E8B831A731FE100CB1D6D /* I18n.swift */; };
		800E8B861A73ECCB00CB1D6D /* DateTableViewCellAction.swift in Sources */ = {isa = PBXBuildFile; fileRef = 800E8B851A73ECCB00CB1D6D /* DateTableViewCellAction.swift */; };
		801A6B111A8F5278006F4B7D /* NSDateExtension.swift in Sources */ = {isa = PBXBuildFile; fileRef = 80404BDC1A0BA76A00FD835F /* NSDateExtension.swift */; };
		801A6B141A8F5C13006F4B7D /* I18n.swift in Sources */ = {isa = PBXBuildFile; fileRef = 800E8B831A731FE100CB1D6D /* I18n.swift */; };
		80404BDD1A0BA76A00FD835F /* NSDateExtension.swift in Sources */ = {isa = PBXBuildFile; fileRef = 80404BDC1A0BA76A00FD835F /* NSDateExtension.swift */; };
		804A869E1ADA68CE0024E2E4 /* PopupAlertView.swift in Sources */ = {isa = PBXBuildFile; fileRef = 804A869D1ADA68CE0024E2E4 /* PopupAlertView.swift */; };
		804E607419F31D5D005BA669 /* EditViewController.swift in Sources */ = {isa = PBXBuildFile; fileRef = 804E607319F31D5D005BA669 /* EditViewController.swift */; };
		8057D9E919FBEB8A00AB18DF /* Localizable.strings in Resources */ = {isa = PBXBuildFile; fileRef = 8057D9EB19FBEB8A00AB18DF /* Localizable.strings */; };
		8059A9001A02925D00A9958B /* HistoryViewModel.swift in Sources */ = {isa = PBXBuildFile; fileRef = 8059A8FF1A02925D00A9958B /* HistoryViewModel.swift */; };
		8059A9021A03C11F00A9958B /* HistoryTableViewController.swift in Sources */ = {isa = PBXBuildFile; fileRef = 8059A9011A03C11F00A9958B /* HistoryTableViewController.swift */; };
		8075F9DC19FE01DD00443983 /* ThemeColor.swift in Sources */ = {isa = PBXBuildFile; fileRef = 8075F9DB19FE01DD00443983 /* ThemeColor.swift */; };
		807DC5381A39BFED00F197AF /* HistoryTableViewCell.swift in Sources */ = {isa = PBXBuildFile; fileRef = 807DC5371A39BFED00F197AF /* HistoryTableViewCell.swift */; };
		807DC53A1A39C13C00F197AF /* DatePickerViewController.swift in Sources */ = {isa = PBXBuildFile; fileRef = 807DC5391A39C13C00F197AF /* DatePickerViewController.swift */; };
		80A574B919EFDF4100C06CBB /* AppDelegate.swift in Sources */ = {isa = PBXBuildFile; fileRef = 80A574B819EFDF4100C06CBB /* AppDelegate.swift */; };
		80A574C019EFDF4100C06CBB /* Images.xcassets in Resources */ = {isa = PBXBuildFile; fileRef = 80A574BF19EFDF4100C06CBB /* Images.xcassets */; };
		80A574C319EFDF4100C06CBB /* LaunchScreen.xib in Resources */ = {isa = PBXBuildFile; fileRef = 80A574C119EFDF4100C06CBB /* LaunchScreen.xib */; };
		80A574CF19EFDF4100C06CBB /* NSDateExtensionTests.swift in Sources */ = {isa = PBXBuildFile; fileRef = 80A574CE19EFDF4100C06CBB /* NSDateExtensionTests.swift */; };
		80A7D33219EFEE00007BB993 /* DateTableViewCell.swift in Sources */ = {isa = PBXBuildFile; fileRef = 80A7D33119EFEE00007BB993 /* DateTableViewCell.swift */; };
		80A7D33419F012EA007BB993 /* DateViewModel.swift in Sources */ = {isa = PBXBuildFile; fileRef = 80A7D33319F012EA007BB993 /* DateViewModel.swift */; };
		80AF1CEC1A50449600A84EAA /* ModalViewController.swift in Sources */ = {isa = PBXBuildFile; fileRef = 80AF1CEB1A50449600A84EAA /* ModalViewController.swift */; };
		80B069531A94D5BD00848701 /* TextFieldTableViewCell.swift in Sources */ = {isa = PBXBuildFile; fileRef = 80B069521A94D5BD00848701 /* TextFieldTableViewCell.swift */; };
		80B1486C1AA0B30D00E60131 /* GroupData.swift in Sources */ = {isa = PBXBuildFile; fileRef = 80B1486B1AA0B30D00E60131 /* GroupData.swift */; };
		80DFB0F719F3D2A100BCF3B1 /* Model.xcdatamodeld in Sources */ = {isa = PBXBuildFile; fileRef = 80DFB0F519F3D2A100BCF3B1 /* Model.xcdatamodeld */; };
		80DFB11F19F5427200BCF3B1 /* DatesViewModel.swift in Sources */ = {isa = PBXBuildFile; fileRef = 80DFB11E19F5427200BCF3B1 /* DatesViewModel.swift */; };
		99E5E5E909374B34947D1AF2 /* CoreDataManager.swift in Sources */ = {isa = PBXBuildFile; fileRef = F59084B2672E46108E9BABF2 /* CoreDataManager.swift */; };
		B2FDE5D77C2F64623D3A8AAF /* Pods_SpoolDaysTests.framework in Frameworks */ = {isa = PBXBuildFile; fileRef = CF6466F150224C7F27AC74DA /* Pods_SpoolDaysTests.framework */; };
		ED037686A8E049093FC9F55C /* Pods_SpoolDays.framework in Frameworks */ = {isa = PBXBuildFile; fileRef = CC5695EBDC48B6EA66326902 /* Pods_SpoolDays.framework */; };
/* End PBXBuildFile section */

/* Begin PBXContainerItemProxy section */
		80A574C919EFDF4100C06CBB /* PBXContainerItemProxy */ = {
			isa = PBXContainerItemProxy;
			containerPortal = 80A574AB19EFDF4100C06CBB /* Project object */;
			proxyType = 1;
			remoteGlobalIDString = 80A574B219EFDF4100C06CBB;
			remoteInfo = SpoolDays;
		};
/* End PBXContainerItemProxy section */

/* Begin PBXCopyFilesBuildPhase section */
		8022260419FB058F00330227 /* Embed Foundation Extensions */ = {
			isa = PBXCopyFilesBuildPhase;
			buildActionMask = 2147483647;
			dstPath = "";
			dstSubfolderSpec = 13;
			files = (
			);
			name = "Embed Foundation Extensions";
			runOnlyForDeploymentPostprocessing = 0;
		};
/* End PBXCopyFilesBuildPhase section */

/* Begin PBXFileReference section */
		72F7D29FE67F2DA9E7946D9A /* Pods-SpoolDaysTests.debug.xcconfig */ = {isa = PBXFileReference; includeInIndex = 1; lastKnownFileType = text.xcconfig; name = "Pods-SpoolDaysTests.debug.xcconfig"; path = "Target Support Files/Pods-SpoolDaysTests/Pods-SpoolDaysTests.debug.xcconfig"; sourceTree = "<group>"; };
		8002868319EFE1EE00089835 /* MainViewController.swift */ = {isa = PBXFileReference; fileEncoding = 4; lastKnownFileType = sourcecode.swift; path = MainViewController.swift; sourceTree = "<group>"; };
		800936091AA74ACB00F87B83 /* BaseDate.swift */ = {isa = PBXFileReference; fileEncoding = 4; lastKnownFileType = sourcecode.swift; name = BaseDate.swift; path = Models/BaseDate.swift; sourceTree = "<group>"; };
		8009360B1AA74ACC00F87B83 /* Log.swift */ = {isa = PBXFileReference; fileEncoding = 4; lastKnownFileType = sourcecode.swift; name = Log.swift; path = Models/Log.swift; sourceTree = "<group>"; };
		800D5FF51A455F9800F86EC5 /* Settings.bundle */ = {isa = PBXFileReference; lastKnownFileType = "wrapper.plug-in"; path = Settings.bundle; sourceTree = "<group>"; };
		800E8B831A731FE100CB1D6D /* I18n.swift */ = {isa = PBXFileReference; fileEncoding = 4; lastKnownFileType = sourcecode.swift; path = I18n.swift; sourceTree = "<group>"; };
		800E8B851A73ECCB00CB1D6D /* DateTableViewCellAction.swift */ = {isa = PBXFileReference; fileEncoding = 4; lastKnownFileType = sourcecode.swift; path = DateTableViewCellAction.swift; sourceTree = "<group>"; };
		802225F519FB058F00330227 /* NotificationCenter.framework */ = {isa = PBXFileReference; lastKnownFileType = wrapper.framework; name = NotificationCenter.framework; path = System/Library/Frameworks/NotificationCenter.framework; sourceTree = SDKROOT; };
		8022260619FB3AE600330227 /* SpoolDays.entitlements */ = {isa = PBXFileReference; lastKnownFileType = text.xml; path = SpoolDays.entitlements; sourceTree = "<group>"; };
		80404BDC1A0BA76A00FD835F /* NSDateExtension.swift */ = {isa = PBXFileReference; fileEncoding = 4; lastKnownFileType = sourcecode.swift; path = NSDateExtension.swift; sourceTree = "<group>"; };
		804A869D1ADA68CE0024E2E4 /* PopupAlertView.swift */ = {isa = PBXFileReference; fileEncoding = 4; lastKnownFileType = sourcecode.swift; path = PopupAlertView.swift; sourceTree = "<group>"; };
		804E607319F31D5D005BA669 /* EditViewController.swift */ = {isa = PBXFileReference; fileEncoding = 4; lastKnownFileType = sourcecode.swift; path = EditViewController.swift; sourceTree = "<group>"; };
		8057D9EA19FBEB8A00AB18DF /* en */ = {isa = PBXFileReference; lastKnownFileType = text.plist.strings; name = en; path = en.lproj/Localizable.strings; sourceTree = "<group>"; };
		8057D9EC19FBEBB400AB18DF /* ja */ = {isa = PBXFileReference; lastKnownFileType = text.plist.strings; name = ja; path = ja.lproj/Localizable.strings; sourceTree = "<group>"; };
		8059A8FF1A02925D00A9958B /* HistoryViewModel.swift */ = {isa = PBXFileReference; fileEncoding = 4; lastKnownFileType = sourcecode.swift; path = HistoryViewModel.swift; sourceTree = "<group>"; };
		8059A9011A03C11F00A9958B /* HistoryTableViewController.swift */ = {isa = PBXFileReference; fileEncoding = 4; lastKnownFileType = sourcecode.swift; path = HistoryTableViewController.swift; sourceTree = "<group>"; };
		8075F9DB19FE01DD00443983 /* ThemeColor.swift */ = {isa = PBXFileReference; fileEncoding = 4; lastKnownFileType = sourcecode.swift; path = ThemeColor.swift; sourceTree = "<group>"; };
		807DC5371A39BFED00F197AF /* HistoryTableViewCell.swift */ = {isa = PBXFileReference; fileEncoding = 4; lastKnownFileType = sourcecode.swift; path = HistoryTableViewCell.swift; sourceTree = "<group>"; };
		807DC5391A39C13C00F197AF /* DatePickerViewController.swift */ = {isa = PBXFileReference; fileEncoding = 4; lastKnownFileType = sourcecode.swift; path = DatePickerViewController.swift; sourceTree = "<group>"; };
		80A574B319EFDF4100C06CBB /* SpoolDays.app */ = {isa = PBXFileReference; explicitFileType = wrapper.application; includeInIndex = 0; path = SpoolDays.app; sourceTree = BUILT_PRODUCTS_DIR; };
		80A574B719EFDF4100C06CBB /* Info.plist */ = {isa = PBXFileReference; lastKnownFileType = text.plist.xml; path = Info.plist; sourceTree = "<group>"; };
		80A574B819EFDF4100C06CBB /* AppDelegate.swift */ = {isa = PBXFileReference; lastKnownFileType = sourcecode.swift; path = AppDelegate.swift; sourceTree = "<group>"; };
		80A574BF19EFDF4100C06CBB /* Images.xcassets */ = {isa = PBXFileReference; lastKnownFileType = folder.assetcatalog; path = Images.xcassets; sourceTree = "<group>"; };
		80A574C219EFDF4100C06CBB /* Base */ = {isa = PBXFileReference; lastKnownFileType = file.xib; name = Base; path = Base.lproj/LaunchScreen.xib; sourceTree = "<group>"; };
		80A574C819EFDF4100C06CBB /* SpoolDaysTests.xctest */ = {isa = PBXFileReference; explicitFileType = wrapper.cfbundle; includeInIndex = 0; path = SpoolDaysTests.xctest; sourceTree = BUILT_PRODUCTS_DIR; };
		80A574CD19EFDF4100C06CBB /* Info.plist */ = {isa = PBXFileReference; lastKnownFileType = text.plist.xml; path = Info.plist; sourceTree = "<group>"; };
		80A574CE19EFDF4100C06CBB /* NSDateExtensionTests.swift */ = {isa = PBXFileReference; lastKnownFileType = sourcecode.swift; path = NSDateExtensionTests.swift; sourceTree = "<group>"; };
		80A7D33119EFEE00007BB993 /* DateTableViewCell.swift */ = {isa = PBXFileReference; fileEncoding = 4; lastKnownFileType = sourcecode.swift; path = DateTableViewCell.swift; sourceTree = "<group>"; };
		80A7D33319F012EA007BB993 /* DateViewModel.swift */ = {isa = PBXFileReference; fileEncoding = 4; lastKnownFileType = sourcecode.swift; path = DateViewModel.swift; sourceTree = "<group>"; };
		80AF1CEB1A50449600A84EAA /* ModalViewController.swift */ = {isa = PBXFileReference; fileEncoding = 4; lastKnownFileType = sourcecode.swift; path = ModalViewController.swift; sourceTree = "<group>"; };
		80B069521A94D5BD00848701 /* TextFieldTableViewCell.swift */ = {isa = PBXFileReference; fileEncoding = 4; lastKnownFileType = sourcecode.swift; path = TextFieldTableViewCell.swift; sourceTree = "<group>"; };
		80B1486B1AA0B30D00E60131 /* GroupData.swift */ = {isa = PBXFileReference; fileEncoding = 4; lastKnownFileType = sourcecode.swift; path = GroupData.swift; sourceTree = "<group>"; };
		80DFB0F619F3D2A100BCF3B1 /* Model.xcdatamodel */ = {isa = PBXFileReference; lastKnownFileType = wrapper.xcdatamodel; path = Model.xcdatamodel; sourceTree = "<group>"; };
		80DFB11E19F5427200BCF3B1 /* DatesViewModel.swift */ = {isa = PBXFileReference; fileEncoding = 4; lastKnownFileType = sourcecode.swift; path = DatesViewModel.swift; sourceTree = "<group>"; };
		80EE03821AB087310009CE05 /* libPods-SpoolDays-RSDayFlow.a */ = {isa = PBXFileReference; lastKnownFileType = archive.ar; name = "libPods-SpoolDays-RSDayFlow.a"; path = "Pods/../build/Debug-iphoneos/libPods-SpoolDays-RSDayFlow.a"; sourceTree = "<group>"; };
		8569C3C3CB9BF32A4499F2DD /* Pods-SpoolDays.release.xcconfig */ = {isa = PBXFileReference; includeInIndex = 1; lastKnownFileType = text.xcconfig; name = "Pods-SpoolDays.release.xcconfig"; path = "Target Support Files/Pods-SpoolDays/Pods-SpoolDays.release.xcconfig"; sourceTree = "<group>"; };
		A213BC18E4CC71A416C5B370 /* Pods-SpoolDays.debug.xcconfig */ = {isa = PBXFileReference; includeInIndex = 1; lastKnownFileType = text.xcconfig; name = "Pods-SpoolDays.debug.xcconfig"; path = "Target Support Files/Pods-SpoolDays/Pods-SpoolDays.debug.xcconfig"; sourceTree = "<group>"; };
		ADB03DFF7EC6CAC8A1D3EE4C /* Pods-SpoolDaysTests.release.xcconfig */ = {isa = PBXFileReference; includeInIndex = 1; lastKnownFileType = text.xcconfig; name = "Pods-SpoolDaysTests.release.xcconfig"; path = "Target Support Files/Pods-SpoolDaysTests/Pods-SpoolDaysTests.release.xcconfig"; sourceTree = "<group>"; };
		CC5695EBDC48B6EA66326902 /* Pods_SpoolDays.framework */ = {isa = PBXFileReference; explicitFileType = wrapper.framework; includeInIndex = 0; path = Pods_SpoolDays.framework; sourceTree = BUILT_PRODUCTS_DIR; };
		CF6466F150224C7F27AC74DA /* Pods_SpoolDaysTests.framework */ = {isa = PBXFileReference; explicitFileType = wrapper.framework; includeInIndex = 0; path = Pods_SpoolDaysTests.framework; sourceTree = BUILT_PRODUCTS_DIR; };
		F59084B2672E46108E9BABF2 /* CoreDataManager.swift */ = {isa = PBXFileReference; fileEncoding = 4; lastKnownFileType = sourcecode.swift; path = CoreDataManager.swift; sourceTree = "<group>"; };
/* End PBXFileReference section */

/* Begin PBXFrameworksBuildPhase section */
		80A574B019EFDF4100C06CBB /* Frameworks */ = {
			isa = PBXFrameworksBuildPhase;
			buildActionMask = 2147483647;
			files = (
				ED037686A8E049093FC9F55C /* Pods_SpoolDays.framework in Frameworks */,
			);
			runOnlyForDeploymentPostprocessing = 0;
		};
		80A574C519EFDF4100C06CBB /* Frameworks */ = {
			isa = PBXFrameworksBuildPhase;
			buildActionMask = 2147483647;
			files = (
				B2FDE5D77C2F64623D3A8AAF /* Pods_SpoolDaysTests.framework in Frameworks */,
			);
			runOnlyForDeploymentPostprocessing = 0;
		};
/* End PBXFrameworksBuildPhase section */

/* Begin PBXGroup section */
		80A574AA19EFDF4100C06CBB = {
			isa = PBXGroup;
			children = (
				80A574B519EFDF4100C06CBB /* SpoolDays */,
				80A574CB19EFDF4100C06CBB /* SpoolDaysTests */,
				80A574B419EFDF4100C06CBB /* Products */,
				C9DD4CF9193C1C7BCB6EC7B2 /* Frameworks */,
				E1904D8318F0FB19403B323C /* Pods */,
			);
			sourceTree = "<group>";
		};
		80A574B419EFDF4100C06CBB /* Products */ = {
			isa = PBXGroup;
			children = (
				80A574B319EFDF4100C06CBB /* SpoolDays.app */,
				80A574C819EFDF4100C06CBB /* SpoolDaysTests.xctest */,
			);
			name = Products;
			sourceTree = "<group>";
		};
		80A574B519EFDF4100C06CBB /* SpoolDays */ = {
			isa = PBXGroup;
			children = (
				8022260619FB3AE600330227 /* SpoolDays.entitlements */,
				80DFB0F419F3D27B00BCF3B1 /* Models */,
				80A574B819EFDF4100C06CBB /* AppDelegate.swift */,
				F59084B2672E46108E9BABF2 /* CoreDataManager.swift */,
				80A574BF19EFDF4100C06CBB /* Images.xcassets */,
				80A574C119EFDF4100C06CBB /* LaunchScreen.xib */,
				80A574B619EFDF4100C06CBB /* Supporting Files */,
				8002868319EFE1EE00089835 /* MainViewController.swift */,
				80A7D33119EFEE00007BB993 /* DateTableViewCell.swift */,
				80DFB11E19F5427200BCF3B1 /* DatesViewModel.swift */,
				80A7D33319F012EA007BB993 /* DateViewModel.swift */,
				804E607319F31D5D005BA669 /* EditViewController.swift */,
				80B1486B1AA0B30D00E60131 /* GroupData.swift */,
				8059A9011A03C11F00A9958B /* HistoryTableViewController.swift */,
				8059A8FF1A02925D00A9958B /* HistoryViewModel.swift */,
				807DC5371A39BFED00F197AF /* HistoryTableViewCell.swift */,
				8057D9EB19FBEB8A00AB18DF /* Localizable.strings */,
				8075F9DB19FE01DD00443983 /* ThemeColor.swift */,
				80404BDC1A0BA76A00FD835F /* NSDateExtension.swift */,
				807DC5391A39C13C00F197AF /* DatePickerViewController.swift */,
				800D5FF51A455F9800F86EC5 /* Settings.bundle */,
				80AF1CEB1A50449600A84EAA /* ModalViewController.swift */,
				800E8B831A731FE100CB1D6D /* I18n.swift */,
				800E8B851A73ECCB00CB1D6D /* DateTableViewCellAction.swift */,
				80B069521A94D5BD00848701 /* TextFieldTableViewCell.swift */,
				804A869D1ADA68CE0024E2E4 /* PopupAlertView.swift */,
			);
			path = SpoolDays;
			sourceTree = "<group>";
		};
		80A574B619EFDF4100C06CBB /* Supporting Files */ = {
			isa = PBXGroup;
			children = (
				80A574B719EFDF4100C06CBB /* Info.plist */,
			);
			name = "Supporting Files";
			sourceTree = "<group>";
		};
		80A574CB19EFDF4100C06CBB /* SpoolDaysTests */ = {
			isa = PBXGroup;
			children = (
				80A574CE19EFDF4100C06CBB /* NSDateExtensionTests.swift */,
				80A574CC19EFDF4100C06CBB /* Supporting Files */,
			);
			path = SpoolDaysTests;
			sourceTree = "<group>";
		};
		80A574CC19EFDF4100C06CBB /* Supporting Files */ = {
			isa = PBXGroup;
			children = (
				80A574CD19EFDF4100C06CBB /* Info.plist */,
			);
			name = "Supporting Files";
			sourceTree = "<group>";
		};
		80DFB0F419F3D27B00BCF3B1 /* Models */ = {
			isa = PBXGroup;
			children = (
				80DFB0F519F3D2A100BCF3B1 /* Model.xcdatamodeld */,
				800936091AA74ACB00F87B83 /* BaseDate.swift */,
				8009360B1AA74ACC00F87B83 /* Log.swift */,
			);
			name = Models;
			sourceTree = "<group>";
		};
		C9DD4CF9193C1C7BCB6EC7B2 /* Frameworks */ = {
			isa = PBXGroup;
			children = (
				80EE03821AB087310009CE05 /* libPods-SpoolDays-RSDayFlow.a */,
				802225F519FB058F00330227 /* NotificationCenter.framework */,
				CC5695EBDC48B6EA66326902 /* Pods_SpoolDays.framework */,
				CF6466F150224C7F27AC74DA /* Pods_SpoolDaysTests.framework */,
			);
			name = Frameworks;
			sourceTree = "<group>";
		};
		E1904D8318F0FB19403B323C /* Pods */ = {
			isa = PBXGroup;
			children = (
				A213BC18E4CC71A416C5B370 /* Pods-SpoolDays.debug.xcconfig */,
				8569C3C3CB9BF32A4499F2DD /* Pods-SpoolDays.release.xcconfig */,
				72F7D29FE67F2DA9E7946D9A /* Pods-SpoolDaysTests.debug.xcconfig */,
				ADB03DFF7EC6CAC8A1D3EE4C /* Pods-SpoolDaysTests.release.xcconfig */,
			);
			path = Pods;
			sourceTree = "<group>";
		};
/* End PBXGroup section */

/* Begin PBXNativeTarget section */
		80A574B219EFDF4100C06CBB /* SpoolDays */ = {
			isa = PBXNativeTarget;
			buildConfigurationList = 80A574D219EFDF4100C06CBB /* Build configuration list for PBXNativeTarget "SpoolDays" */;
			buildPhases = (
				1498E7945BDA65C32CCA844D /* [CP] Check Pods Manifest.lock */,
				80A574AF19EFDF4100C06CBB /* Sources */,
				80A574B019EFDF4100C06CBB /* Frameworks */,
				80A574B119EFDF4100C06CBB /* Resources */,
				8022260419FB058F00330227 /* Embed Foundation Extensions */,
				800D5FF71A45616A00F86EC5 /* Run Script (Update Settings.bundle) */,
				06AA9F6201C52530BCDF7A41 /* [CP] Embed Pods Frameworks */,
			);
			buildRules = (
			);
			dependencies = (
			);
			name = SpoolDays;
			productName = SpoolDays;
			productReference = 80A574B319EFDF4100C06CBB /* SpoolDays.app */;
			productType = "com.apple.product-type.application";
		};
		80A574C719EFDF4100C06CBB /* SpoolDaysTests */ = {
			isa = PBXNativeTarget;
			buildConfigurationList = 80A574D519EFDF4100C06CBB /* Build configuration list for PBXNativeTarget "SpoolDaysTests" */;
			buildPhases = (
				D5F5B2FEE0C27DEAED6986F5 /* [CP] Check Pods Manifest.lock */,
				80A574C419EFDF4100C06CBB /* Sources */,
				80A574C519EFDF4100C06CBB /* Frameworks */,
				80A574C619EFDF4100C06CBB /* Resources */,
			);
			buildRules = (
			);
			dependencies = (
				80A574CA19EFDF4100C06CBB /* PBXTargetDependency */,
			);
			name = SpoolDaysTests;
			productName = SpoolDaysTests;
			productReference = 80A574C819EFDF4100C06CBB /* SpoolDaysTests.xctest */;
			productType = "com.apple.product-type.bundle.unit-test";
		};
/* End PBXNativeTarget section */

/* Begin PBXProject section */
		80A574AB19EFDF4100C06CBB /* Project object */ = {
			isa = PBXProject;
			attributes = {
				BuildIndependentTargetsInParallel = YES;
				LastSwiftMigration = 0700;
				LastSwiftUpdateCheck = 0700;
				LastUpgradeCheck = 2600;
				ORGANIZATIONNAME = codefirst.org;
				TargetAttributes = {
					80A574B219EFDF4100C06CBB = {
						CreatedOnToolsVersion = 6.0.1;
						LastSwiftMigration = 0800;
						ProvisioningStyle = Automatic;
						SystemCapabilities = {
							com.apple.ApplicationGroups.iOS = {
								enabled = 1;
							};
							com.apple.BackgroundModes = {
								enabled = 1;
							};
						};
					};
					80A574C719EFDF4100C06CBB = {
						CreatedOnToolsVersion = 6.0.1;
						LastSwiftMigration = 0800;
						TestTargetID = 80A574B219EFDF4100C06CBB;
					};
				};
			};
			buildConfigurationList = 80A574AE19EFDF4100C06CBB /* Build configuration list for PBXProject "SpoolDays" */;
			compatibilityVersion = "Xcode 3.2";
			developmentRegion = English;
			hasScannedForEncodings = 0;
			knownRegions = (
				English,
				en,
				Base,
				ja,
			);
			mainGroup = 80A574AA19EFDF4100C06CBB;
			productRefGroup = 80A574B419EFDF4100C06CBB /* Products */;
			projectDirPath = "";
			projectRoot = "";
			targets = (
				80A574B219EFDF4100C06CBB /* SpoolDays */,
				80A574C719EFDF4100C06CBB /* SpoolDaysTests */,
			);
		};
/* End PBXProject section */

/* Begin PBXResourcesBuildPhase section */
		80A574B119EFDF4100C06CBB /* Resources */ = {
			isa = PBXResourcesBuildPhase;
			buildActionMask = 2147483647;
			files = (
				800D5FF61A455F9800F86EC5 /* Settings.bundle in Resources */,
				80A574C319EFDF4100C06CBB /* LaunchScreen.xib in Resources */,
				8057D9E919FBEB8A00AB18DF /* Localizable.strings in Resources */,
				80A574C019EFDF4100C06CBB /* Images.xcassets in Resources */,
			);
			runOnlyForDeploymentPostprocessing = 0;
		};
		80A574C619EFDF4100C06CBB /* Resources */ = {
			isa = PBXResourcesBuildPhase;
			buildActionMask = 2147483647;
			files = (
			);
			runOnlyForDeploymentPostprocessing = 0;
		};
/* End PBXResourcesBuildPhase section */

/* Begin PBXShellScriptBuildPhase section */
		06AA9F6201C52530BCDF7A41 /* [CP] Embed Pods Frameworks */ = {
			isa = PBXShellScriptBuildPhase;
			buildActionMask = 2147483647;
			files = (
			);
			inputPaths = (
				"${PODS_ROOT}/Target Support Files/Pods-SpoolDays/Pods-SpoolDays-frameworks.sh",
				"${BUILT_PRODUCTS_DIR}/HorizonCalendar/HorizonCalendar.framework",
			);
			name = "[CP] Embed Pods Frameworks";
			outputPaths = (
				"${TARGET_BUILD_DIR}/${FRAMEWORKS_FOLDER_PATH}/HorizonCalendar.framework",
			);
			runOnlyForDeploymentPostprocessing = 0;
			shellPath = /bin/sh;
			shellScript = "\"${PODS_ROOT}/Target Support Files/Pods-SpoolDays/Pods-SpoolDays-frameworks.sh\"\n";
			showEnvVarsInLog = 0;
		};
		1498E7945BDA65C32CCA844D /* [CP] Check Pods Manifest.lock */ = {
			isa = PBXShellScriptBuildPhase;
			buildActionMask = 2147483647;
			files = (
			);
			inputFileListPaths = (
			);
			inputPaths = (
				"${PODS_PODFILE_DIR_PATH}/Podfile.lock",
				"${PODS_ROOT}/Manifest.lock",
			);
			name = "[CP] Check Pods Manifest.lock";
			outputFileListPaths = (
			);
			outputPaths = (
				"$(DERIVED_FILE_DIR)/Pods-SpoolDays-checkManifestLockResult.txt",
			);
			runOnlyForDeploymentPostprocessing = 0;
			shellPath = /bin/sh;
			shellScript = "diff \"${PODS_PODFILE_DIR_PATH}/Podfile.lock\" \"${PODS_ROOT}/Manifest.lock\" > /dev/null\nif [ $? != 0 ] ; then\n    # print error to STDERR\n    echo \"error: The sandbox is not in sync with the Podfile.lock. Run 'pod install' or update your CocoaPods installation.\" >&2\n    exit 1\nfi\n# This output is used by Xcode 'outputs' to avoid re-running this script phase.\necho \"SUCCESS\" > \"${SCRIPT_OUTPUT_FILE_0}\"\n";
			showEnvVarsInLog = 0;
		};
		800D5FF71A45616A00F86EC5 /* Run Script (Update Settings.bundle) */ = {
			isa = PBXShellScriptBuildPhase;
			alwaysOutOfDate = 1;
			buildActionMask = 2147483647;
			files = (
			);
			inputPaths = (
			);
			name = "Run Script (Update Settings.bundle)";
			outputPaths = (
			);
			runOnlyForDeploymentPostprocessing = 0;
			shellPath = /bin/sh;
			shellScript = "VERSION_NUMBER=$(/usr/libexec/PlistBuddy -c \"Print CFBundleShortVersionString\" \"$INFOPLIST_FILE\")\n/usr/libexec/PlistBuddy ${TARGET_BUILD_DIR}/${FULL_PRODUCT_NAME}/Settings.bundle/Root.plist -c \"set PreferenceSpecifiers:0:DefaultValue $VERSION_NUMBER\"\n\nBUILD_NUMBER=$(/usr/libexec/PlistBuddy -c \"Print CFBundleVersion\" \"$INFOPLIST_FILE\")\n/usr/libexec/PlistBuddy ${TARGET_BUILD_DIR}/${FULL_PRODUCT_NAME}/Settings.bundle/Root.plist -c \"Set :PreferenceSpecifiers:1:DefaultValue $BUILD_NUMBER\"\n";
		};
		D5F5B2FEE0C27DEAED6986F5 /* [CP] Check Pods Manifest.lock */ = {
			isa = PBXShellScriptBuildPhase;
			buildActionMask = 2147483647;
			files = (
			);
			inputFileListPaths = (
			);
			inputPaths = (
				"${PODS_PODFILE_DIR_PATH}/Podfile.lock",
				"${PODS_ROOT}/Manifest.lock",
			);
			name = "[CP] Check Pods Manifest.lock";
			outputFileListPaths = (
			);
			outputPaths = (
				"$(DERIVED_FILE_DIR)/Pods-SpoolDaysTests-checkManifestLockResult.txt",
			);
			runOnlyForDeploymentPostprocessing = 0;
			shellPath = /bin/sh;
			shellScript = "diff \"${PODS_PODFILE_DIR_PATH}/Podfile.lock\" \"${PODS_ROOT}/Manifest.lock\" > /dev/null\nif [ $? != 0 ] ; then\n    # print error to STDERR\n    echo \"error: The sandbox is not in sync with the Podfile.lock. Run 'pod install' or update your CocoaPods installation.\" >&2\n    exit 1\nfi\n# This output is used by Xcode 'outputs' to avoid re-running this script phase.\necho \"SUCCESS\" > \"${SCRIPT_OUTPUT_FILE_0}\"\n";
			showEnvVarsInLog = 0;
		};
/* End PBXShellScriptBuildPhase section */

/* Begin PBXSourcesBuildPhase section */
		80A574AF19EFDF4100C06CBB /* Sources */ = {
			isa = PBXSourcesBuildPhase;
			buildActionMask = 2147483647;
			files = (
				80DFB11F19F5427200BCF3B1 /* DatesViewModel.swift in Sources */,
				8009360C1AA74ACC00F87B83 /* Log.swift in Sources */,
				804A869E1ADA68CE0024E2E4 /* PopupAlertView.swift in Sources */,
				80404BDD1A0BA76A00FD835F /* NSDateExtension.swift in Sources */,
				804E607419F31D5D005BA669 /* EditViewController.swift in Sources */,
				8009360A1AA74ACB00F87B83 /* BaseDate.swift in Sources */,
				80B069531A94D5BD00848701 /* TextFieldTableViewCell.swift in Sources */,
				80A7D33419F012EA007BB993 /* DateViewModel.swift in Sources */,
				8075F9DC19FE01DD00443983 /* ThemeColor.swift in Sources */,
				80AF1CEC1A50449600A84EAA /* ModalViewController.swift in Sources */,
				80A574B919EFDF4100C06CBB /* AppDelegate.swift in Sources */,
				99E5E5E909374B34947D1AF2 /* CoreDataManager.swift in Sources */,
				800E8B841A731FE100CB1D6D /* I18n.swift in Sources */,
				807DC5381A39BFED00F197AF /* HistoryTableViewCell.swift in Sources */,
				80A7D33219EFEE00007BB993 /* DateTableViewCell.swift in Sources */,
				8059A9001A02925D00A9958B /* HistoryViewModel.swift in Sources */,
				8002868419EFE1EE00089835 /* MainViewController.swift in Sources */,
				80B1486C1AA0B30D00E60131 /* GroupData.swift in Sources */,
				80DFB0F719F3D2A100BCF3B1 /* Model.xcdatamodeld in Sources */,
				8059A9021A03C11F00A9958B /* HistoryTableViewController.swift in Sources */,
				800E8B861A73ECCB00CB1D6D /* DateTableViewCellAction.swift in Sources */,
				807DC53A1A39C13C00F197AF /* DatePickerViewController.swift in Sources */,
			);
			runOnlyForDeploymentPostprocessing = 0;
		};
		80A574C419EFDF4100C06CBB /* Sources */ = {
			isa = PBXSourcesBuildPhase;
			buildActionMask = 2147483647;
			files = (
				80A574CF19EFDF4100C06CBB /* NSDateExtensionTests.swift in Sources */,
				800936121AA74DBD00F87B83 /* BaseDate.swift in Sources */,
				8009360F1AA74D8200F87B83 /* Log.swift in Sources */,
				801A6B111A8F5278006F4B7D /* NSDateExtension.swift in Sources */,
				801A6B141A8F5C13006F4B7D /* I18n.swift in Sources */,
				629B8CF7A27F4591BA212F91AC74C5FC /* CoreDataManager.swift in Sources */,
			);
			runOnlyForDeploymentPostprocessing = 0;
		};
/* End PBXSourcesBuildPhase section */

/* Begin PBXTargetDependency section */
		80A574CA19EFDF4100C06CBB /* PBXTargetDependency */ = {
			isa = PBXTargetDependency;
			target = 80A574B219EFDF4100C06CBB /* SpoolDays */;
			targetProxy = 80A574C919EFDF4100C06CBB /* PBXContainerItemProxy */;
		};
/* End PBXTargetDependency section */

/* Begin PBXVariantGroup section */
		8057D9EB19FBEB8A00AB18DF /* Localizable.strings */ = {
			isa = PBXVariantGroup;
			children = (
				8057D9EA19FBEB8A00AB18DF /* en */,
				8057D9EC19FBEBB400AB18DF /* ja */,
			);
			name = Localizable.strings;
			sourceTree = "<group>";
		};
		80A574C119EFDF4100C06CBB /* LaunchScreen.xib */ = {
			isa = PBXVariantGroup;
			children = (
				80A574C219EFDF4100C06CBB /* Base */,
			);
			name = LaunchScreen.xib;
			sourceTree = "<group>";
		};
/* End PBXVariantGroup section */

/* Begin XCBuildConfiguration section */
		80A574D019EFDF4100C06CBB /* Debug */ = {
			isa = XCBuildConfiguration;
			buildSettings = {
				ALWAYS_SEARCH_USER_PATHS = NO;
				CLANG_ANALYZER_LOCALIZABILITY_NONLOCALIZED = YES;
				CLANG_CXX_LANGUAGE_STANDARD = "gnu++0x";
				CLANG_CXX_LIBRARY = "libc++";
				CLANG_ENABLE_MODULES = YES;
				CLANG_ENABLE_OBJC_ARC = YES;
				CLANG_WARN_BLOCK_CAPTURE_AUTORELEASING = YES;
				CLANG_WARN_BOOL_CONVERSION = YES;
				CLANG_WARN_COMMA = YES;
				CLANG_WARN_CONSTANT_CONVERSION = YES;
				CLANG_WARN_DEPRECATED_OBJC_IMPLEMENTATIONS = YES;
				CLANG_WARN_DIRECT_OBJC_ISA_USAGE = YES_ERROR;
				CLANG_WARN_EMPTY_BODY = YES;
				CLANG_WARN_ENUM_CONVERSION = YES;
				CLANG_WARN_INFINITE_RECURSION = YES;
				CLANG_WARN_INT_CONVERSION = YES;
				CLANG_WARN_NON_LITERAL_NULL_CONVERSION = YES;
				CLANG_WARN_OBJC_IMPLICIT_RETAIN_SELF = YES;
				CLANG_WARN_OBJC_LITERAL_CONVERSION = YES;
				CLANG_WARN_OBJC_ROOT_CLASS = YES_ERROR;
				CLANG_WARN_QUOTED_INCLUDE_IN_FRAMEWORK_HEADER = YES;
				CLANG_WARN_RANGE_LOOP_ANALYSIS = YES;
				CLANG_WARN_STRICT_PROTOTYPES = YES;
				CLANG_WARN_SUSPICIOUS_MOVE = YES;
				CLANG_WARN_UNREACHABLE_CODE = YES;
				CLANG_WARN__DUPLICATE_METHOD_MATCH = YES;
				"CODE_SIGN_IDENTITY[sdk=iphoneos*]" = "iPhone Developer";
				COPY_PHASE_STRIP = NO;
				ENABLE_STRICT_OBJC_MSGSEND = YES;
				ENABLE_TESTABILITY = YES;
				GCC_C_LANGUAGE_STANDARD = gnu99;
				GCC_DYNAMIC_NO_PIC = NO;
				GCC_NO_COMMON_BLOCKS = YES;
				GCC_OPTIMIZATION_LEVEL = 0;
				GCC_PREPROCESSOR_DEFINITIONS = (
					"DEBUG=1",
					"$(inherited)",
				);
				GCC_SYMBOLS_PRIVATE_EXTERN = NO;
				GCC_WARN_64_TO_32_BIT_CONVERSION = YES;
				GCC_WARN_ABOUT_RETURN_TYPE = YES_ERROR;
				GCC_WARN_UNDECLARED_SELECTOR = YES;
				GCC_WARN_UNINITIALIZED_AUTOS = YES_AGGRESSIVE;
				GCC_WARN_UNUSED_FUNCTION = YES;
				GCC_WARN_UNUSED_VARIABLE = YES;
				IPHONEOS_DEPLOYMENT_TARGET = 18.0;
				MTL_ENABLE_DEBUG_INFO = YES;
				ONLY_ACTIVE_ARCH = YES;
				SDKROOT = iphoneos;
				STRING_CATALOG_GENERATE_SYMBOLS = YES;
				SWIFT_OPTIMIZATION_LEVEL = "-Onone";
			};
			name = Debug;
		};
		80A574D119EFDF4100C06CBB /* Release */ = {
			isa = XCBuildConfiguration;
			buildSettings = {
				ALWAYS_SEARCH_USER_PATHS = NO;
				CLANG_ANALYZER_LOCALIZABILITY_NONLOCALIZED = YES;
				CLANG_CXX_LANGUAGE_STANDARD = "gnu++0x";
				CLANG_CXX_LIBRARY = "libc++";
				CLANG_ENABLE_MODULES = YES;
				CLANG_ENABLE_OBJC_ARC = YES;
				CLANG_WARN_BLOCK_CAPTURE_AUTORELEASING = YES;
				CLANG_WARN_BOOL_CONVERSION = YES;
				CLANG_WARN_COMMA = YES;
				CLANG_WARN_CONSTANT_CONVERSION = YES;
				CLANG_WARN_DEPRECATED_OBJC_IMPLEMENTATIONS = YES;
				CLANG_WARN_DIRECT_OBJC_ISA_USAGE = YES_ERROR;
				CLANG_WARN_EMPTY_BODY = YES;
				CLANG_WARN_ENUM_CONVERSION = YES;
				CLANG_WARN_INFINITE_RECURSION = YES;
				CLANG_WARN_INT_CONVERSION = YES;
				CLANG_WARN_NON_LITERAL_NULL_CONVERSION = YES;
				CLANG_WARN_OBJC_IMPLICIT_RETAIN_SELF = YES;
				CLANG_WARN_OBJC_LITERAL_CONVERSION = YES;
				CLANG_WARN_OBJC_ROOT_CLASS = YES_ERROR;
				CLANG_WARN_QUOTED_INCLUDE_IN_FRAMEWORK_HEADER = YES;
				CLANG_WARN_RANGE_LOOP_ANALYSIS = YES;
				CLANG_WARN_STRICT_PROTOTYPES = YES;
				CLANG_WARN_SUSPICIOUS_MOVE = YES;
				CLANG_WARN_UNREACHABLE_CODE = YES;
				CLANG_WARN__DUPLICATE_METHOD_MATCH = YES;
				"CODE_SIGN_IDENTITY[sdk=iphoneos*]" = "iPhone Developer";
				COPY_PHASE_STRIP = YES;
				ENABLE_NS_ASSERTIONS = NO;
				ENABLE_STRICT_OBJC_MSGSEND = YES;
				GCC_C_LANGUAGE_STANDARD = gnu99;
				GCC_NO_COMMON_BLOCKS = YES;
				GCC_WARN_64_TO_32_BIT_CONVERSION = YES;
				GCC_WARN_ABOUT_RETURN_TYPE = YES_ERROR;
				GCC_WARN_UNDECLARED_SELECTOR = YES;
				GCC_WARN_UNINITIALIZED_AUTOS = YES_AGGRESSIVE;
				GCC_WARN_UNUSED_FUNCTION = YES;
				GCC_WARN_UNUSED_VARIABLE = YES;
				IPHONEOS_DEPLOYMENT_TARGET = 18.0;
				MTL_ENABLE_DEBUG_INFO = NO;
				SDKROOT = iphoneos;
				STRING_CATALOG_GENERATE_SYMBOLS = YES;
				SWIFT_COMPILATION_MODE = wholemodule;
				SWIFT_OPTIMIZATION_LEVEL = "-O";
				VALIDATE_PRODUCT = YES;
			};
			name = Release;
		};
		80A574D319EFDF4100C06CBB /* Debug */ = {
			isa = XCBuildConfiguration;
			baseConfigurationReference = A213BC18E4CC71A416C5B370 /* Pods-SpoolDays.debug.xcconfig */;
			buildSettings = {
				ASSETCATALOG_COMPILER_APPICON_NAME = AppIcon;
				CLANG_ENABLE_MODULES = YES;
				CODE_SIGN_ENTITLEMENTS = SpoolDays/SpoolDays.entitlements;
				CODE_SIGN_IDENTITY = "iPhone Developer";
				"CODE_SIGN_IDENTITY[sdk=iphoneos*]" = "iPhone Developer";
				CODE_SIGN_STYLE = Automatic;
				DEVELOPMENT_TEAM = "";
				INFOPLIST_FILE = SpoolDays/Info.plist;
				LD_RUNPATH_SEARCH_PATHS = (
					"$(inherited)",
					"@executable_path/Frameworks",
				);
				LIBRARY_SEARCH_PATHS = "$(inherited)";
				PRODUCT_BUNDLE_IDENTIFIER = "org.codefirst.$(PRODUCT_NAME:rfc1034identifier)";
				PRODUCT_NAME = "$(TARGET_NAME)";
				PROVISIONING_PROFILE = "";
				PROVISIONING_PROFILE_SPECIFIER = "";
				SWIFT_OBJC_BRIDGING_HEADER = "";
				SWIFT_OPTIMIZATION_LEVEL = "-Onone";
				SWIFT_VERSION = 5.0;
			};
			name = Debug;
		};
		80A574D419EFDF4100C06CBB /* Release */ = {
			isa = XCBuildConfiguration;
			baseConfigurationReference = 8569C3C3CB9BF32A4499F2DD /* Pods-SpoolDays.release.xcconfig */;
			buildSettings = {
				ASSETCATALOG_COMPILER_APPICON_NAME = AppIcon;
				CLANG_ENABLE_MODULES = YES;
				CODE_SIGN_ENTITLEMENTS = SpoolDays/SpoolDays.entitlements;
				CODE_SIGN_IDENTITY = "iPhone Developer";
				"CODE_SIGN_IDENTITY[sdk=iphoneos*]" = "iPhone Developer";
				CODE_SIGN_STYLE = Automatic;
				DEVELOPMENT_TEAM = "";
				INFOPLIST_FILE = SpoolDays/Info.plist;
				LD_RUNPATH_SEARCH_PATHS = (
					"$(inherited)",
					"@executable_path/Frameworks",
				);
				LIBRARY_SEARCH_PATHS = "$(inherited)";
				PRODUCT_BUNDLE_IDENTIFIER = "org.codefirst.$(PRODUCT_NAME:rfc1034identifier)";
				PRODUCT_NAME = "$(TARGET_NAME)";
				PROVISIONING_PROFILE = "";
				PROVISIONING_PROFILE_SPECIFIER = "";
				SWIFT_OBJC_BRIDGING_HEADER = "";
				SWIFT_VERSION = 5.0;
			};
			name = Release;
		};
		80A574D619EFDF4100C06CBB /* Debug */ = {
			isa = XCBuildConfiguration;
			baseConfigurationReference = 72F7D29FE67F2DA9E7946D9A /* Pods-SpoolDaysTests.debug.xcconfig */;
			buildSettings = {
				BUNDLE_LOADER = "$(TEST_HOST)";
				FRAMEWORK_SEARCH_PATHS = (
					"$(SDKROOT)/Developer/Library/Frameworks",
					"$(inherited)",
				);
				GCC_PREPROCESSOR_DEFINITIONS = (
					"DEBUG=1",
					"$(inherited)",
				);
				INFOPLIST_FILE = SpoolDaysTests/Info.plist;
				LD_RUNPATH_SEARCH_PATHS = (
					"$(inherited)",
					"@executable_path/Frameworks",
					"@loader_path/Frameworks",
				);
				PRODUCT_BUNDLE_IDENTIFIER = "org.codefirst.$(PRODUCT_NAME:rfc1034identifier)";
				PRODUCT_NAME = "$(TARGET_NAME)";
				SWIFT_OBJC_BRIDGING_HEADER = "";
				SWIFT_VERSION = 5.0;
				TEST_HOST = "$(BUILT_PRODUCTS_DIR)/SpoolDays.app/SpoolDays";
			};
			name = Debug;
		};
		80A574D719EFDF4100C06CBB /* Release */ = {
			isa = XCBuildConfiguration;
			baseConfigurationReference = ADB03DFF7EC6CAC8A1D3EE4C /* Pods-SpoolDaysTests.release.xcconfig */;
			buildSettings = {
				BUNDLE_LOADER = "$(TEST_HOST)";
				FRAMEWORK_SEARCH_PATHS = (
					"$(SDKROOT)/Developer/Library/Frameworks",
					"$(inherited)",
				);
				INFOPLIST_FILE = SpoolDaysTests/Info.plist;
				LD_RUNPATH_SEARCH_PATHS = (
					"$(inherited)",
					"@executable_path/Frameworks",
					"@loader_path/Frameworks",
				);
				PRODUCT_BUNDLE_IDENTIFIER = "org.codefirst.$(PRODUCT_NAME:rfc1034identifier)";
				PRODUCT_NAME = "$(TARGET_NAME)";
				SWIFT_OBJC_BRIDGING_HEADER = "";
				SWIFT_VERSION = 5.0;
				TEST_HOST = "$(BUILT_PRODUCTS_DIR)/SpoolDays.app/SpoolDays";
			};
			name = Release;
		};
/* End XCBuildConfiguration section */

/* Begin XCConfigurationList section */
		80A574AE19EFDF4100C06CBB /* Build configuration list for PBXProject "SpoolDays" */ = {
			isa = XCConfigurationList;
			buildConfigurations = (
				80A574D019EFDF4100C06CBB /* Debug */,
				80A574D119EFDF4100C06CBB /* Release */,
			);
			defaultConfigurationIsVisible = 0;
			defaultConfigurationName = Release;
		};
		80A574D219EFDF4100C06CBB /* Build configuration list for PBXNativeTarget "SpoolDays" */ = {
			isa = XCConfigurationList;
			buildConfigurations = (
				80A574D319EFDF4100C06CBB /* Debug */,
				80A574D419EFDF4100C06CBB /* Release */,
			);
			defaultConfigurationIsVisible = 0;
			defaultConfigurationName = Release;
		};
		80A574D519EFDF4100C06CBB /* Build configuration list for PBXNativeTarget "SpoolDaysTests" */ = {
			isa = XCConfigurationList;
			buildConfigurations = (
				80A574D619EFDF4100C06CBB /* Debug */,
				80A574D719EFDF4100C06CBB /* Release */,
			);
			defaultConfigurationIsVisible = 0;
			defaultConfigurationName = Release;
		};
/* End XCConfigurationList section */

/* Begin XCVersionGroup section */
		80DFB0F519F3D2A100BCF3B1 /* Model.xcdatamodeld */ = {
			isa = XCVersionGroup;
			children = (
				80DFB0F619F3D2A100BCF3B1 /* Model.xcdatamodel */,
			);
			currentVersion = 80DFB0F619F3D2A100BCF3B1 /* Model.xcdatamodel */;
			name = Model.xcdatamodeld;
			path = Models/Model.xcdatamodeld;
			sourceTree = "<group>";
			versionGroupType = wrapper.xcdatamodel;
		};
/* End XCVersionGroup section */
	};
	rootObject = 80A574AB19EFDF4100C06CBB /* Project object */;
}
