// !$*UTF8*$!
{
	archiveVersion = 1;
	classes = {
	};
	objectVersion = 46;
	objects = {

/* Begin PBXBuildFile section */
		55AA9C5EE09150BA7640BF8D /* libPods.a in Frameworks */ = {isa = PBXBuildFile; fileRef = C803814E2F0D8A09FC22F0B1 /* libPods.a */; };
		8002868419EFE1EE00089835 /* MainViewController.swift in Sources */ = {isa = PBXBuildFile; fileRef = 8002868319EFE1EE00089835 /* MainViewController.swift */; };
		802225F619FB058F00330227 /* NotificationCenter.framework in Frameworks */ = {isa = PBXBuildFile; fileRef = 802225F519FB058F00330227 /* NotificationCenter.framework */; };
		802225FB19FB058F00330227 /* TodayViewController.swift in Sources */ = {isa = PBXBuildFile; fileRef = 802225FA19FB058F00330227 /* TodayViewController.swift */; };
		802225FD19FB058F00330227 /* MainInterface.storyboard in Resources */ = {isa = PBXBuildFile; fileRef = 802225FC19FB058F00330227 /* MainInterface.storyboard */; };
		8022260019FB058F00330227 /* SpoolDaysTodayExtension.appex in Embed App Extensions */ = {isa = PBXBuildFile; fileRef = 802225F419FB058F00330227 /* SpoolDaysTodayExtension.appex */; settings = {ATTRIBUTES = (RemoveHeadersOnCopy, ); }; };
		804E607419F31D5D005BA669 /* EditViewController.swift in Sources */ = {isa = PBXBuildFile; fileRef = 804E607319F31D5D005BA669 /* EditViewController.swift */; };
		80A574B919EFDF4100C06CBB /* AppDelegate.swift in Sources */ = {isa = PBXBuildFile; fileRef = 80A574B819EFDF4100C06CBB /* AppDelegate.swift */; };
		80A574C019EFDF4100C06CBB /* Images.xcassets in Resources */ = {isa = PBXBuildFile; fileRef = 80A574BF19EFDF4100C06CBB /* Images.xcassets */; };
		80A574C319EFDF4100C06CBB /* LaunchScreen.xib in Resources */ = {isa = PBXBuildFile; fileRef = 80A574C119EFDF4100C06CBB /* LaunchScreen.xib */; };
		80A574CF19EFDF4100C06CBB /* SpoolDaysTests.swift in Sources */ = {isa = PBXBuildFile; fileRef = 80A574CE19EFDF4100C06CBB /* SpoolDaysTests.swift */; };
		80A7D33219EFEE00007BB993 /* DateTableViewCell.swift in Sources */ = {isa = PBXBuildFile; fileRef = 80A7D33119EFEE00007BB993 /* DateTableViewCell.swift */; };
		80A7D33419F012EA007BB993 /* DateViewModel.swift in Sources */ = {isa = PBXBuildFile; fileRef = 80A7D33319F012EA007BB993 /* DateViewModel.swift */; };
		80DFB0F719F3D2A100BCF3B1 /* Model.xcdatamodeld in Sources */ = {isa = PBXBuildFile; fileRef = 80DFB0F519F3D2A100BCF3B1 /* Model.xcdatamodeld */; };
		80DFB11819F3E77400BCF3B1 /* Log.m in Sources */ = {isa = PBXBuildFile; fileRef = 80DFB11719F3E77400BCF3B1 /* Log.m */; };
		80DFB11B19F3E77400BCF3B1 /* BaseDate.m in Sources */ = {isa = PBXBuildFile; fileRef = 80DFB11A19F3E77400BCF3B1 /* BaseDate.m */; };
		80DFB11D19F3E7C600BCF3B1 /* BaseDateWrapper.swift in Sources */ = {isa = PBXBuildFile; fileRef = 80DFB11C19F3E7C600BCF3B1 /* BaseDateWrapper.swift */; };
		80DFB11F19F5427200BCF3B1 /* DatesViewModel.swift in Sources */ = {isa = PBXBuildFile; fileRef = 80DFB11E19F5427200BCF3B1 /* DatesViewModel.swift */; };
		80DFB12119F6902300BCF3B1 /* RowsChangeEvent.swift in Sources */ = {isa = PBXBuildFile; fileRef = 80DFB12019F6902300BCF3B1 /* RowsChangeEvent.swift */; };
/* End PBXBuildFile section */

/* Begin PBXContainerItemProxy section */
		802225FE19FB058F00330227 /* PBXContainerItemProxy */ = {
			isa = PBXContainerItemProxy;
			containerPortal = 80A574AB19EFDF4100C06CBB /* Project object */;
			proxyType = 1;
			remoteGlobalIDString = 802225F319FB058F00330227;
			remoteInfo = SpoolDaysTodayExtension;
		};
		80A574C919EFDF4100C06CBB /* PBXContainerItemProxy */ = {
			isa = PBXContainerItemProxy;
			containerPortal = 80A574AB19EFDF4100C06CBB /* Project object */;
			proxyType = 1;
			remoteGlobalIDString = 80A574B219EFDF4100C06CBB;
			remoteInfo = SpoolDays;
		};
/* End PBXContainerItemProxy section */

/* Begin PBXCopyFilesBuildPhase section */
		8022260419FB058F00330227 /* Embed App Extensions */ = {
			isa = PBXCopyFilesBuildPhase;
			buildActionMask = 2147483647;
			dstPath = "";
			dstSubfolderSpec = 13;
			files = (
				8022260019FB058F00330227 /* SpoolDaysTodayExtension.appex in Embed App Extensions */,
			);
			name = "Embed App Extensions";
			runOnlyForDeploymentPostprocessing = 0;
		};
/* End PBXCopyFilesBuildPhase section */

/* Begin PBXFileReference section */
		28ED91F5F3718D86CF27B399 /* Pods.debug.xcconfig */ = {isa = PBXFileReference; includeInIndex = 1; lastKnownFileType = text.xcconfig; name = Pods.debug.xcconfig; path = "Pods/Target Support Files/Pods/Pods.debug.xcconfig"; sourceTree = "<group>"; };
		51761DB67EF34A17DB7EAEF3 /* Pods.release.xcconfig */ = {isa = PBXFileReference; includeInIndex = 1; lastKnownFileType = text.xcconfig; name = Pods.release.xcconfig; path = "Pods/Target Support Files/Pods/Pods.release.xcconfig"; sourceTree = "<group>"; };
		8002868319EFE1EE00089835 /* MainViewController.swift */ = {isa = PBXFileReference; fileEncoding = 4; lastKnownFileType = sourcecode.swift; path = MainViewController.swift; sourceTree = "<group>"; };
		802225F419FB058F00330227 /* SpoolDaysTodayExtension.appex */ = {isa = PBXFileReference; explicitFileType = "wrapper.app-extension"; includeInIndex = 0; path = SpoolDaysTodayExtension.appex; sourceTree = BUILT_PRODUCTS_DIR; };
		802225F519FB058F00330227 /* NotificationCenter.framework */ = {isa = PBXFileReference; lastKnownFileType = wrapper.framework; name = NotificationCenter.framework; path = System/Library/Frameworks/NotificationCenter.framework; sourceTree = SDKROOT; };
		802225F919FB058F00330227 /* Info.plist */ = {isa = PBXFileReference; lastKnownFileType = text.plist.xml; path = Info.plist; sourceTree = "<group>"; };
		802225FA19FB058F00330227 /* TodayViewController.swift */ = {isa = PBXFileReference; lastKnownFileType = sourcecode.swift; path = TodayViewController.swift; sourceTree = "<group>"; };
		802225FC19FB058F00330227 /* MainInterface.storyboard */ = {isa = PBXFileReference; lastKnownFileType = file.storyboard; path = MainInterface.storyboard; sourceTree = "<group>"; };
		8022260519FB086900330227 /* SpoolDaysTodayExtension.entitlements */ = {isa = PBXFileReference; lastKnownFileType = text.xml; path = SpoolDaysTodayExtension.entitlements; sourceTree = "<group>"; };
		8022260619FB3AE600330227 /* SpoolDays.entitlements */ = {isa = PBXFileReference; lastKnownFileType = text.xml; path = SpoolDays.entitlements; sourceTree = "<group>"; };
		804E607319F31D5D005BA669 /* EditViewController.swift */ = {isa = PBXFileReference; fileEncoding = 4; lastKnownFileType = sourcecode.swift; path = EditViewController.swift; sourceTree = "<group>"; };
		80A574B319EFDF4100C06CBB /* SpoolDays.app */ = {isa = PBXFileReference; explicitFileType = wrapper.application; includeInIndex = 0; path = SpoolDays.app; sourceTree = BUILT_PRODUCTS_DIR; };
		80A574B719EFDF4100C06CBB /* Info.plist */ = {isa = PBXFileReference; lastKnownFileType = text.plist.xml; path = Info.plist; sourceTree = "<group>"; };
		80A574B819EFDF4100C06CBB /* AppDelegate.swift */ = {isa = PBXFileReference; lastKnownFileType = sourcecode.swift; path = AppDelegate.swift; sourceTree = "<group>"; };
		80A574BF19EFDF4100C06CBB /* Images.xcassets */ = {isa = PBXFileReference; lastKnownFileType = folder.assetcatalog; path = Images.xcassets; sourceTree = "<group>"; };
		80A574C219EFDF4100C06CBB /* Base */ = {isa = PBXFileReference; lastKnownFileType = file.xib; name = Base; path = Base.lproj/LaunchScreen.xib; sourceTree = "<group>"; };
		80A574C819EFDF4100C06CBB /* SpoolDaysTests.xctest */ = {isa = PBXFileReference; explicitFileType = wrapper.cfbundle; includeInIndex = 0; path = SpoolDaysTests.xctest; sourceTree = BUILT_PRODUCTS_DIR; };
		80A574CD19EFDF4100C06CBB /* Info.plist */ = {isa = PBXFileReference; lastKnownFileType = text.plist.xml; path = Info.plist; sourceTree = "<group>"; };
		80A574CE19EFDF4100C06CBB /* SpoolDaysTests.swift */ = {isa = PBXFileReference; lastKnownFileType = sourcecode.swift; path = SpoolDaysTests.swift; sourceTree = "<group>"; };
		80A7D33119EFEE00007BB993 /* DateTableViewCell.swift */ = {isa = PBXFileReference; fileEncoding = 4; lastKnownFileType = sourcecode.swift; path = DateTableViewCell.swift; sourceTree = "<group>"; };
		80A7D33319F012EA007BB993 /* DateViewModel.swift */ = {isa = PBXFileReference; fileEncoding = 4; lastKnownFileType = sourcecode.swift; path = DateViewModel.swift; sourceTree = "<group>"; };
		80A7D33519F01317007BB993 /* SpoolDays-Bridging-Header.h */ = {isa = PBXFileReference; lastKnownFileType = sourcecode.c.h; path = "SpoolDays-Bridging-Header.h"; sourceTree = "<group>"; };
		80DFB0F619F3D2A100BCF3B1 /* Model.xcdatamodel */ = {isa = PBXFileReference; lastKnownFileType = wrapper.xcdatamodel; path = Model.xcdatamodel; sourceTree = "<group>"; };
		80DFB11619F3E77400BCF3B1 /* Log.h */ = {isa = PBXFileReference; fileEncoding = 4; lastKnownFileType = sourcecode.c.h; name = Log.h; path = Models/Log.h; sourceTree = "<group>"; };
		80DFB11719F3E77400BCF3B1 /* Log.m */ = {isa = PBXFileReference; fileEncoding = 4; lastKnownFileType = sourcecode.c.objc; name = Log.m; path = Models/Log.m; sourceTree = "<group>"; };
		80DFB11919F3E77400BCF3B1 /* BaseDate.h */ = {isa = PBXFileReference; fileEncoding = 4; lastKnownFileType = sourcecode.c.h; name = BaseDate.h; path = Models/BaseDate.h; sourceTree = "<group>"; };
		80DFB11A19F3E77400BCF3B1 /* BaseDate.m */ = {isa = PBXFileReference; fileEncoding = 4; lastKnownFileType = sourcecode.c.objc; name = BaseDate.m; path = Models/BaseDate.m; sourceTree = "<group>"; };
		80DFB11C19F3E7C600BCF3B1 /* BaseDateWrapper.swift */ = {isa = PBXFileReference; fileEncoding = 4; lastKnownFileType = sourcecode.swift; name = BaseDateWrapper.swift; path = Models/BaseDateWrapper.swift; sourceTree = "<group>"; };
		80DFB11E19F5427200BCF3B1 /* DatesViewModel.swift */ = {isa = PBXFileReference; fileEncoding = 4; lastKnownFileType = sourcecode.swift; path = DatesViewModel.swift; sourceTree = "<group>"; };
		80DFB12019F6902300BCF3B1 /* RowsChangeEvent.swift */ = {isa = PBXFileReference; fileEncoding = 4; lastKnownFileType = sourcecode.swift; path = RowsChangeEvent.swift; sourceTree = "<group>"; };
		C803814E2F0D8A09FC22F0B1 /* libPods.a */ = {isa = PBXFileReference; explicitFileType = archive.ar; includeInIndex = 0; path = libPods.a; sourceTree = BUILT_PRODUCTS_DIR; };
/* End PBXFileReference section */

/* Begin PBXFrameworksBuildPhase section */
		802225F119FB058F00330227 /* Frameworks */ = {
			isa = PBXFrameworksBuildPhase;
			buildActionMask = 2147483647;
			files = (
				802225F619FB058F00330227 /* NotificationCenter.framework in Frameworks */,
			);
			runOnlyForDeploymentPostprocessing = 0;
		};
		80A574B019EFDF4100C06CBB /* Frameworks */ = {
			isa = PBXFrameworksBuildPhase;
			buildActionMask = 2147483647;
			files = (
				55AA9C5EE09150BA7640BF8D /* libPods.a in Frameworks */,
			);
			runOnlyForDeploymentPostprocessing = 0;
		};
		80A574C519EFDF4100C06CBB /* Frameworks */ = {
			isa = PBXFrameworksBuildPhase;
			buildActionMask = 2147483647;
			files = (
			);
			runOnlyForDeploymentPostprocessing = 0;
		};
/* End PBXFrameworksBuildPhase section */

/* Begin PBXGroup section */
		25B400074D2DA20BF8724D18 /* Pods */ = {
			isa = PBXGroup;
			children = (
				28ED91F5F3718D86CF27B399 /* Pods.debug.xcconfig */,
				51761DB67EF34A17DB7EAEF3 /* Pods.release.xcconfig */,
			);
			name = Pods;
			sourceTree = "<group>";
		};
		802225F719FB058F00330227 /* SpoolDaysTodayExtension */ = {
			isa = PBXGroup;
			children = (
				8022260519FB086900330227 /* SpoolDaysTodayExtension.entitlements */,
				802225FA19FB058F00330227 /* TodayViewController.swift */,
				802225FC19FB058F00330227 /* MainInterface.storyboard */,
				802225F819FB058F00330227 /* Supporting Files */,
			);
			path = SpoolDaysTodayExtension;
			sourceTree = "<group>";
		};
		802225F819FB058F00330227 /* Supporting Files */ = {
			isa = PBXGroup;
			children = (
				802225F919FB058F00330227 /* Info.plist */,
			);
			name = "Supporting Files";
			sourceTree = "<group>";
		};
		80A574AA19EFDF4100C06CBB = {
			isa = PBXGroup;
			children = (
				80A574B519EFDF4100C06CBB /* SpoolDays */,
				80A574CB19EFDF4100C06CBB /* SpoolDaysTests */,
				802225F719FB058F00330227 /* SpoolDaysTodayExtension */,
				80A574B419EFDF4100C06CBB /* Products */,
				25B400074D2DA20BF8724D18 /* Pods */,
				C9DD4CF9193C1C7BCB6EC7B2 /* Frameworks */,
			);
			sourceTree = "<group>";
		};
		80A574B419EFDF4100C06CBB /* Products */ = {
			isa = PBXGroup;
			children = (
				80A574B319EFDF4100C06CBB /* SpoolDays.app */,
				80A574C819EFDF4100C06CBB /* SpoolDaysTests.xctest */,
				802225F419FB058F00330227 /* SpoolDaysTodayExtension.appex */,
			);
			name = Products;
			sourceTree = "<group>";
		};
		80A574B519EFDF4100C06CBB /* SpoolDays */ = {
			isa = PBXGroup;
			children = (
				8022260619FB3AE600330227 /* SpoolDays.entitlements */,
				80DFB0F419F3D27B00BCF3B1 /* Models */,
				80A574B819EFDF4100C06CBB /* AppDelegate.swift */,
				80A574BF19EFDF4100C06CBB /* Images.xcassets */,
				80A574C119EFDF4100C06CBB /* LaunchScreen.xib */,
				80A574B619EFDF4100C06CBB /* Supporting Files */,
				8002868319EFE1EE00089835 /* MainViewController.swift */,
				80A7D33119EFEE00007BB993 /* DateTableViewCell.swift */,
				80DFB11E19F5427200BCF3B1 /* DatesViewModel.swift */,
				80A7D33319F012EA007BB993 /* DateViewModel.swift */,
				804E607319F31D5D005BA669 /* EditViewController.swift */,
				80DFB12019F6902300BCF3B1 /* RowsChangeEvent.swift */,
				80A7D33519F01317007BB993 /* SpoolDays-Bridging-Header.h */,
			);
			path = SpoolDays;
			sourceTree = "<group>";
		};
		80A574B619EFDF4100C06CBB /* Supporting Files */ = {
			isa = PBXGroup;
			children = (
				80A574B719EFDF4100C06CBB /* Info.plist */,
			);
			name = "Supporting Files";
			sourceTree = "<group>";
		};
		80A574CB19EFDF4100C06CBB /* SpoolDaysTests */ = {
			isa = PBXGroup;
			children = (
				80A574CE19EFDF4100C06CBB /* SpoolDaysTests.swift */,
				80A574CC19EFDF4100C06CBB /* Supporting Files */,
			);
			path = SpoolDaysTests;
			sourceTree = "<group>";
		};
		80A574CC19EFDF4100C06CBB /* Supporting Files */ = {
			isa = PBXGroup;
			children = (
				80A574CD19EFDF4100C06CBB /* Info.plist */,
			);
			name = "Supporting Files";
			sourceTree = "<group>";
		};
		80DFB0F419F3D27B00BCF3B1 /* Models */ = {
			isa = PBXGroup;
			children = (
				80DFB0F519F3D2A100BCF3B1 /* Model.xcdatamodeld */,
				80DFB11919F3E77400BCF3B1 /* BaseDate.h */,
				80DFB11A19F3E77400BCF3B1 /* BaseDate.m */,
				80DFB11619F3E77400BCF3B1 /* Log.h */,
				80DFB11719F3E77400BCF3B1 /* Log.m */,
				80DFB11C19F3E7C600BCF3B1 /* BaseDateWrapper.swift */,
			);
			name = Models;
			sourceTree = "<group>";
		};
		C9DD4CF9193C1C7BCB6EC7B2 /* Frameworks */ = {
			isa = PBXGroup;
			children = (
				C803814E2F0D8A09FC22F0B1 /* libPods.a */,
				802225F519FB058F00330227 /* NotificationCenter.framework */,
			);
			name = Frameworks;
			sourceTree = "<group>";
		};
/* End PBXGroup section */

/* Begin PBXNativeTarget section */
		802225F319FB058F00330227 /* SpoolDaysTodayExtension */ = {
			isa = PBXNativeTarget;
			buildConfigurationList = 8022260119FB058F00330227 /* Build configuration list for PBXNativeTarget "SpoolDaysTodayExtension" */;
			buildPhases = (
				802225F019FB058F00330227 /* Sources */,
				802225F119FB058F00330227 /* Frameworks */,
				802225F219FB058F00330227 /* Resources */,
			);
			buildRules = (
			);
			dependencies = (
			);
			name = SpoolDaysTodayExtension;
			productName = SpoolDaysTodayExtension;
			productReference = 802225F419FB058F00330227 /* SpoolDaysTodayExtension.appex */;
			productType = "com.apple.product-type.app-extension";
		};
		80A574B219EFDF4100C06CBB /* SpoolDays */ = {
			isa = PBXNativeTarget;
			buildConfigurationList = 80A574D219EFDF4100C06CBB /* Build configuration list for PBXNativeTarget "SpoolDays" */;
			buildPhases = (
				4A04256B7D08344F59C8612A /* Check Pods Manifest.lock */,
				80A574AF19EFDF4100C06CBB /* Sources */,
				80A574B019EFDF4100C06CBB /* Frameworks */,
				80A574B119EFDF4100C06CBB /* Resources */,
				56F867F36975D648759ABE98 /* Copy Pods Resources */,
				8022260419FB058F00330227 /* Embed App Extensions */,
			);
			buildRules = (
			);
			dependencies = (
				802225FF19FB058F00330227 /* PBXTargetDependency */,
			);
			name = SpoolDays;
			productName = SpoolDays;
			productReference = 80A574B319EFDF4100C06CBB /* SpoolDays.app */;
			productType = "com.apple.product-type.application";
		};
		80A574C719EFDF4100C06CBB /* SpoolDaysTests */ = {
			isa = PBXNativeTarget;
			buildConfigurationList = 80A574D519EFDF4100C06CBB /* Build configuration list for PBXNativeTarget "SpoolDaysTests" */;
			buildPhases = (
				80A574C419EFDF4100C06CBB /* Sources */,
				80A574C519EFDF4100C06CBB /* Frameworks */,
				80A574C619EFDF4100C06CBB /* Resources */,
			);
			buildRules = (
			);
			dependencies = (
				80A574CA19EFDF4100C06CBB /* PBXTargetDependency */,
			);
			name = SpoolDaysTests;
			productName = SpoolDaysTests;
			productReference = 80A574C819EFDF4100C06CBB /* SpoolDaysTests.xctest */;
			productType = "com.apple.product-type.bundle.unit-test";
		};
/* End PBXNativeTarget section */

/* Begin PBXProject section */
		80A574AB19EFDF4100C06CBB /* Project object */ = {
			isa = PBXProject;
			attributes = {
				LastUpgradeCheck = 0600;
				ORGANIZATIONNAME = codefirst.org;
				TargetAttributes = {
					802225F319FB058F00330227 = {
						CreatedOnToolsVersion = 6.1;
						DevelopmentTeam = LG7S83GR74;
						SystemCapabilities = {
							com.apple.ApplicationGroups.iOS = {
								enabled = 1;
							};
						};
					};
					80A574B219EFDF4100C06CBB = {
						CreatedOnToolsVersion = 6.0.1;
						DevelopmentTeam = LG7S83GR74;
						SystemCapabilities = {
							com.apple.ApplicationGroups.iOS = {
								enabled = 1;
							};
							com.apple.BackgroundModes = {
								enabled = 1;
							};
						};
					};
					80A574C719EFDF4100C06CBB = {
						CreatedOnToolsVersion = 6.0.1;
						TestTargetID = 80A574B219EFDF4100C06CBB;
					};
				};
			};
			buildConfigurationList = 80A574AE19EFDF4100C06CBB /* Build configuration list for PBXProject "SpoolDays" */;
			compatibilityVersion = "Xcode 3.2";
			developmentRegion = English;
			hasScannedForEncodings = 0;
			knownRegions = (
				en,
				Base,
			);
			mainGroup = 80A574AA19EFDF4100C06CBB;
			productRefGroup = 80A574B419EFDF4100C06CBB /* Products */;
			projectDirPath = "";
			projectRoot = "";
			targets = (
				80A574B219EFDF4100C06CBB /* SpoolDays */,
				80A574C719EFDF4100C06CBB /* SpoolDaysTests */,
				802225F319FB058F00330227 /* SpoolDaysTodayExtension */,
			);
		};
/* End PBXProject section */

/* Begin PBXResourcesBuildPhase section */
		802225F219FB058F00330227 /* Resources */ = {
			isa = PBXResourcesBuildPhase;
			buildActionMask = 2147483647;
			files = (
				802225FD19FB058F00330227 /* MainInterface.storyboard in Resources */,
			);
			runOnlyForDeploymentPostprocessing = 0;
		};
		80A574B119EFDF4100C06CBB /* Resources */ = {
			isa = PBXResourcesBuildPhase;
			buildActionMask = 2147483647;
			files = (
				80A574C319EFDF4100C06CBB /* LaunchScreen.xib in Resources */,
				80A574C019EFDF4100C06CBB /* Images.xcassets in Resources */,
			);
			runOnlyForDeploymentPostprocessing = 0;
		};
		80A574C619EFDF4100C06CBB /* Resources */ = {
			isa = PBXResourcesBuildPhase;
			buildActionMask = 2147483647;
			files = (
			);
			runOnlyForDeploymentPostprocessing = 0;
		};
/* End PBXResourcesBuildPhase section */

/* Begin PBXShellScriptBuildPhase section */
		4A04256B7D08344F59C8612A /* Check Pods Manifest.lock */ = {
			isa = PBXShellScriptBuildPhase;
			buildActionMask = 2147483647;
			files = (
			);
			inputPaths = (
			);
			name = "Check Pods Manifest.lock";
			outputPaths = (
			);
			runOnlyForDeploymentPostprocessing = 0;
			shellPath = /bin/sh;
			shellScript = "diff \"${PODS_ROOT}/../Podfile.lock\" \"${PODS_ROOT}/Manifest.lock\" > /dev/null\nif [[ $? != 0 ]] ; then\n    cat << EOM\nerror: The sandbox is not in sync with the Podfile.lock. Run 'pod install' or update your CocoaPods installation.\nEOM\n    exit 1\nfi\n";
			showEnvVarsInLog = 0;
		};
		56F867F36975D648759ABE98 /* Copy Pods Resources */ = {
			isa = PBXShellScriptBuildPhase;
			buildActionMask = 2147483647;
			files = (
			);
			inputPaths = (
			);
			name = "Copy Pods Resources";
			outputPaths = (
			);
			runOnlyForDeploymentPostprocessing = 0;
			shellPath = /bin/sh;
			shellScript = "\"${SRCROOT}/Pods/Target Support Files/Pods/Pods-resources.sh\"\n";
			showEnvVarsInLog = 0;
		};
/* End PBXShellScriptBuildPhase section */

/* Begin PBXSourcesBuildPhase section */
		802225F019FB058F00330227 /* Sources */ = {
			isa = PBXSourcesBuildPhase;
			buildActionMask = 2147483647;
			files = (
				802225FB19FB058F00330227 /* TodayViewController.swift in Sources */,
			);
			runOnlyForDeploymentPostprocessing = 0;
		};
		80A574AF19EFDF4100C06CBB /* Sources */ = {
			isa = PBXSourcesBuildPhase;
			buildActionMask = 2147483647;
			files = (
				80DFB11F19F5427200BCF3B1 /* DatesViewModel.swift in Sources */,
				80DFB11819F3E77400BCF3B1 /* Log.m in Sources */,
				804E607419F31D5D005BA669 /* EditViewController.swift in Sources */,
				80DFB12119F6902300BCF3B1 /* RowsChangeEvent.swift in Sources */,
				80A7D33419F012EA007BB993 /* DateViewModel.swift in Sources */,
				80A574B919EFDF4100C06CBB /* AppDelegate.swift in Sources */,
				80DFB11D19F3E7C600BCF3B1 /* BaseDateWrapper.swift in Sources */,
				80A7D33219EFEE00007BB993 /* DateTableViewCell.swift in Sources */,
				8002868419EFE1EE00089835 /* MainViewController.swift in Sources */,
				80DFB11B19F3E77400BCF3B1 /* BaseDate.m in Sources */,
				80DFB0F719F3D2A100BCF3B1 /* Model.xcdatamodeld in Sources */,
			);
			runOnlyForDeploymentPostprocessing = 0;
		};
		80A574C419EFDF4100C06CBB /* Sources */ = {
			isa = PBXSourcesBuildPhase;
			buildActionMask = 2147483647;
			files = (
				80A574CF19EFDF4100C06CBB /* SpoolDaysTests.swift in Sources */,
			);
			runOnlyForDeploymentPostprocessing = 0;
		};
/* End PBXSourcesBuildPhase section */

/* Begin PBXTargetDependency section */
		802225FF19FB058F00330227 /* PBXTargetDependency */ = {
			isa = PBXTargetDependency;
			target = 802225F319FB058F00330227 /* SpoolDaysTodayExtension */;
			targetProxy = 802225FE19FB058F00330227 /* PBXContainerItemProxy */;
		};
		80A574CA19EFDF4100C06CBB /* PBXTargetDependency */ = {
			isa = PBXTargetDependency;
			target = 80A574B219EFDF4100C06CBB /* SpoolDays */;
			targetProxy = 80A574C919EFDF4100C06CBB /* PBXContainerItemProxy */;
		};
/* End PBXTargetDependency section */

/* Begin PBXVariantGroup section */
		80A574C119EFDF4100C06CBB /* LaunchScreen.xib */ = {
			isa = PBXVariantGroup;
			children = (
				80A574C219EFDF4100C06CBB /* Base */,
			);
			name = LaunchScreen.xib;
			sourceTree = "<group>";
		};
/* End PBXVariantGroup section */

/* Begin XCBuildConfiguration section */
		8022260219FB058F00330227 /* Debug */ = {
			isa = XCBuildConfiguration;
			buildSettings = {
				CODE_SIGN_ENTITLEMENTS = SpoolDaysTodayExtension/SpoolDaysTodayExtension.entitlements;
				CODE_SIGN_IDENTITY = "iPhone Developer";
				GCC_PREPROCESSOR_DEFINITIONS = (
					"DEBUG=1",
					"$(inherited)",
				);
				INFOPLIST_FILE = SpoolDaysTodayExtension/Info.plist;
				IPHONEOS_DEPLOYMENT_TARGET = 8.0;
				LD_RUNPATH_SEARCH_PATHS = "$(inherited) @executable_path/Frameworks @executable_path/../../Frameworks";
				PRODUCT_NAME = "$(TARGET_NAME)";
				SKIP_INSTALL = YES;
			};
			name = Debug;
		};
		8022260319FB058F00330227 /* Release */ = {
			isa = XCBuildConfiguration;
			buildSettings = {
				CODE_SIGN_ENTITLEMENTS = SpoolDaysTodayExtension/SpoolDaysTodayExtension.entitlements;
				CODE_SIGN_IDENTITY = "iPhone Developer";
				INFOPLIST_FILE = SpoolDaysTodayExtension/Info.plist;
				IPHONEOS_DEPLOYMENT_TARGET = 8.0;
				LD_RUNPATH_SEARCH_PATHS = "$(inherited) @executable_path/Frameworks @executable_path/../../Frameworks";
				PRODUCT_NAME = "$(TARGET_NAME)";
				SKIP_INSTALL = YES;
			};
			name = Release;
		};
		80A574D019EFDF4100C06CBB /* Debug */ = {
			isa = XCBuildConfiguration;
			buildSettings = {
				ALWAYS_SEARCH_USER_PATHS = NO;
				CLANG_CXX_LANGUAGE_STANDARD = "gnu++0x";
				CLANG_CXX_LIBRARY = "libc++";
				CLANG_ENABLE_MODULES = YES;
				CLANG_ENABLE_OBJC_ARC = YES;
				CLANG_WARN_BOOL_CONVERSION = YES;
				CLANG_WARN_CONSTANT_CONVERSION = YES;
				CLANG_WARN_DIRECT_OBJC_ISA_USAGE = YES_ERROR;
				CLANG_WARN_EMPTY_BODY = YES;
				CLANG_WARN_ENUM_CONVERSION = YES;
				CLANG_WARN_INT_CONVERSION = YES;
				CLANG_WARN_OBJC_ROOT_CLASS = YES_ERROR;
				CLANG_WARN_UNREACHABLE_CODE = YES;
				CLANG_WARN__DUPLICATE_METHOD_MATCH = YES;
				"CODE_SIGN_IDENTITY[sdk=iphoneos*]" = "iPhone Developer";
				COPY_PHASE_STRIP = NO;
				ENABLE_STRICT_OBJC_MSGSEND = YES;
				GCC_C_LANGUAGE_STANDARD = gnu99;
				GCC_DYNAMIC_NO_PIC = NO;
				GCC_OPTIMIZATION_LEVEL = 0;
				GCC_PREPROCESSOR_DEFINITIONS = (
					"DEBUG=1",
					"$(inherited)",
				);
				GCC_SYMBOLS_PRIVATE_EXTERN = NO;
				GCC_WARN_64_TO_32_BIT_CONVERSION = YES;
				GCC_WARN_ABOUT_RETURN_TYPE = YES_ERROR;
				GCC_WARN_UNDECLARED_SELECTOR = YES;
				GCC_WARN_UNINITIALIZED_AUTOS = YES_AGGRESSIVE;
				GCC_WARN_UNUSED_FUNCTION = YES;
				GCC_WARN_UNUSED_VARIABLE = YES;
				IPHONEOS_DEPLOYMENT_TARGET = 7.0;
				MTL_ENABLE_DEBUG_INFO = YES;
				ONLY_ACTIVE_ARCH = YES;
				SDKROOT = iphoneos;
				SWIFT_OPTIMIZATION_LEVEL = "-Onone";
			};
			name = Debug;
		};
		80A574D119EFDF4100C06CBB /* Release */ = {
			isa = XCBuildConfiguration;
			buildSettings = {
				ALWAYS_SEARCH_USER_PATHS = NO;
				CLANG_CXX_LANGUAGE_STANDARD = "gnu++0x";
				CLANG_CXX_LIBRARY = "libc++";
				CLANG_ENABLE_MODULES = YES;
				CLANG_ENABLE_OBJC_ARC = YES;
				CLANG_WARN_BOOL_CONVERSION = YES;
				CLANG_WARN_CONSTANT_CONVERSION = YES;
				CLANG_WARN_DIRECT_OBJC_ISA_USAGE = YES_ERROR;
				CLANG_WARN_EMPTY_BODY = YES;
				CLANG_WARN_ENUM_CONVERSION = YES;
				CLANG_WARN_INT_CONVERSION = YES;
				CLANG_WARN_OBJC_ROOT_CLASS = YES_ERROR;
				CLANG_WARN_UNREACHABLE_CODE = YES;
				CLANG_WARN__DUPLICATE_METHOD_MATCH = YES;
				"CODE_SIGN_IDENTITY[sdk=iphoneos*]" = "iPhone Developer";
				COPY_PHASE_STRIP = YES;
				ENABLE_NS_ASSERTIONS = NO;
				ENABLE_STRICT_OBJC_MSGSEND = YES;
				GCC_C_LANGUAGE_STANDARD = gnu99;
				GCC_WARN_64_TO_32_BIT_CONVERSION = YES;
				GCC_WARN_ABOUT_RETURN_TYPE = YES_ERROR;
				GCC_WARN_UNDECLARED_SELECTOR = YES;
				GCC_WARN_UNINITIALIZED_AUTOS = YES_AGGRESSIVE;
				GCC_WARN_UNUSED_FUNCTION = YES;
				GCC_WARN_UNUSED_VARIABLE = YES;
				IPHONEOS_DEPLOYMENT_TARGET = 7.0;
				MTL_ENABLE_DEBUG_INFO = NO;
				SDKROOT = iphoneos;
				VALIDATE_PRODUCT = YES;
			};
			name = Release;
		};
		80A574D319EFDF4100C06CBB /* Debug */ = {
			isa = XCBuildConfiguration;
			baseConfigurationReference = 28ED91F5F3718D86CF27B399 /* Pods.debug.xcconfig */;
			buildSettings = {
				ASSETCATALOG_COMPILER_APPICON_NAME = AppIcon;
				CLANG_ENABLE_MODULES = YES;
				CODE_SIGN_ENTITLEMENTS = SpoolDays/SpoolDays.entitlements;
				CODE_SIGN_IDENTITY = "iPhone Developer";
				"CODE_SIGN_IDENTITY[sdk=iphoneos*]" = "iPhone Developer";
				EMBEDDED_CONTENT_CONTAINS_SWIFT = YES;
				INFOPLIST_FILE = SpoolDays/Info.plist;
				LD_RUNPATH_SEARCH_PATHS = "$(inherited) @executable_path/Frameworks";
				PRODUCT_NAME = "$(TARGET_NAME)";
				PROVISIONING_PROFILE = "";
				SWIFT_OBJC_BRIDGING_HEADER = "SpoolDays/SpoolDays-Bridging-Header.h";
				SWIFT_OPTIMIZATION_LEVEL = "-Onone";
			};
			name = Debug;
		};
		80A574D419EFDF4100C06CBB /* Release */ = {
			isa = XCBuildConfiguration;
			baseConfigurationReference = 51761DB67EF34A17DB7EAEF3 /* Pods.release.xcconfig */;
			buildSettings = {
				ASSETCATALOG_COMPILER_APPICON_NAME = AppIcon;
				CLANG_ENABLE_MODULES = YES;
				CODE_SIGN_ENTITLEMENTS = SpoolDays/SpoolDays.entitlements;
				CODE_SIGN_IDENTITY = "iPhone Developer";
				"CODE_SIGN_IDENTITY[sdk=iphoneos*]" = "iPhone Developer";
				EMBEDDED_CONTENT_CONTAINS_SWIFT = YES;
				INFOPLIST_FILE = SpoolDays/Info.plist;
				LD_RUNPATH_SEARCH_PATHS = "$(inherited) @executable_path/Frameworks";
				PRODUCT_NAME = "$(TARGET_NAME)";
				PROVISIONING_PROFILE = "";
				SWIFT_OBJC_BRIDGING_HEADER = "SpoolDays/SpoolDays-Bridging-Header.h";
			};
			name = Release;
		};
		80A574D619EFDF4100C06CBB /* Debug */ = {
			isa = XCBuildConfiguration;
			buildSettings = {
				BUNDLE_LOADER = "$(TEST_HOST)";
				FRAMEWORK_SEARCH_PATHS = (
					"$(SDKROOT)/Developer/Library/Frameworks",
					"$(inherited)",
				);
				GCC_PREPROCESSOR_DEFINITIONS = (
					"DEBUG=1",
					"$(inherited)",
				);
				INFOPLIST_FILE = SpoolDaysTests/Info.plist;
				LD_RUNPATH_SEARCH_PATHS = "$(inherited) @executable_path/Frameworks @loader_path/Frameworks";
				PRODUCT_NAME = "$(TARGET_NAME)";
				TEST_HOST = "$(BUILT_PRODUCTS_DIR)/SpoolDays.app/SpoolDays";
			};
			name = Debug;
		};
		80A574D719EFDF4100C06CBB /* Release */ = {
			isa = XCBuildConfiguration;
			buildSettings = {
				BUNDLE_LOADER = "$(TEST_HOST)";
				FRAMEWORK_SEARCH_PATHS = (
					"$(SDKROOT)/Developer/Library/Frameworks",
					"$(inherited)",
				);
				INFOPLIST_FILE = SpoolDaysTests/Info.plist;
				LD_RUNPATH_SEARCH_PATHS = "$(inherited) @executable_path/Frameworks @loader_path/Frameworks";
				PRODUCT_NAME = "$(TARGET_NAME)";
				TEST_HOST = "$(BUILT_PRODUCTS_DIR)/SpoolDays.app/SpoolDays";
			};
			name = Release;
		};
/* End XCBuildConfiguration section */

/* Begin XCConfigurationList section */
		8022260119FB058F00330227 /* Build configuration list for PBXNativeTarget "SpoolDaysTodayExtension" */ = {
			isa = XCConfigurationList;
			buildConfigurations = (
				8022260219FB058F00330227 /* Debug */,
				8022260319FB058F00330227 /* Release */,
			);
			defaultConfigurationIsVisible = 0;
			defaultConfigurationName = Release;
		};
		80A574AE19EFDF4100C06CBB /* Build configuration list for PBXProject "SpoolDays" */ = {
			isa = XCConfigurationList;
			buildConfigurations = (
				80A574D019EFDF4100C06CBB /* Debug */,
				80A574D119EFDF4100C06CBB /* Release */,
			);
			defaultConfigurationIsVisible = 0;
			defaultConfigurationName = Release;
		};
		80A574D219EFDF4100C06CBB /* Build configuration list for PBXNativeTarget "SpoolDays" */ = {
			isa = XCConfigurationList;
			buildConfigurations = (
				80A574D319EFDF4100C06CBB /* Debug */,
				80A574D419EFDF4100C06CBB /* Release */,
			);
			defaultConfigurationIsVisible = 0;
			defaultConfigurationName = Release;
		};
		80A574D519EFDF4100C06CBB /* Build configuration list for PBXNativeTarget "SpoolDaysTests" */ = {
			isa = XCConfigurationList;
			buildConfigurations = (
				80A574D619EFDF4100C06CBB /* Debug */,
				80A574D719EFDF4100C06CBB /* Release */,
			);
			defaultConfigurationIsVisible = 0;
			defaultConfigurationName = Release;
		};
/* End XCConfigurationList section */

/* Begin XCVersionGroup section */
		80DFB0F519F3D2A100BCF3B1 /* Model.xcdatamodeld */ = {
			isa = XCVersionGroup;
			children = (
				80DFB0F619F3D2A100BCF3B1 /* Model.xcdatamodel */,
			);
			currentVersion = 80DFB0F619F3D2A100BCF3B1 /* Model.xcdatamodel */;
			name = Model.xcdatamodeld;
			path = Models/Model.xcdatamodeld;
			sourceTree = "<group>";
			versionGroupType = wrapper.xcdatamodel;
		};
/* End XCVersionGroup section */
	};
	rootObject = 80A574AB19EFDF4100C06CBB /* Project object */;
}
